// !$*UTF8*$!
{
	archiveVersion = 1;
	classes = {
	};
	objectVersion = 46;
	objects = {

/* Begin PBXBuildFile section */
		5005E11E1DF4CB8300BA38E6 /* AppDelegate.swift in Sources */ = {isa = PBXBuildFile; fileRef = 5005E11D1DF4CB8300BA38E6 /* AppDelegate.swift */; };
		5005E1251DF4CB8300BA38E6 /* Assets.xcassets in Resources */ = {isa = PBXBuildFile; fileRef = 5005E1241DF4CB8300BA38E6 /* Assets.xcassets */; };
		5005E1281DF4CB8300BA38E6 /* LaunchScreen.storyboard in Resources */ = {isa = PBXBuildFile; fileRef = 5005E1261DF4CB8300BA38E6 /* LaunchScreen.storyboard */; };
		5005E1491DF4CC2600BA38E6 /* Hipstapaper_share_iOS.appex in Embed App Extensions */ = {isa = PBXBuildFile; fileRef = 5005E13F1DF4CC2600BA38E6 /* Hipstapaper_share_iOS.appex */; settings = {ATTRIBUTES = (RemoveHeadersOnCopy, ); }; };
		50088A4D1E062A2500D6AAED /* ShareViewController.swift in Sources */ = {isa = PBXBuildFile; fileRef = 50088A4C1E062A2500D6AAED /* ShareViewController.swift */; };
		501B332C1E4595150073A8AC /* WebBrowserDelegate.swift in Sources */ = {isa = PBXBuildFile; fileRef = 501B332B1E4595150073A8AC /* WebBrowserDelegate.swift */; };
		502C7F4E1DF0E4D5004E70AB /* icon.icns in Resources */ = {isa = PBXBuildFile; fileRef = 502C7F4D1DF0E4D5004E70AB /* icon.icns */; };
		502C7F541DF0E4D5004E70AB /* ShareViewController.xib in Resources */ = {isa = PBXBuildFile; fileRef = 502C7F521DF0E4D5004E70AB /* ShareViewController.xib */; };
		502C7F581DF0E4D5004E70AB /* Hipstapaper_share_macOS.appex in Embed App Extensions */ = {isa = PBXBuildFile; fileRef = 502C7F4A1DF0E4D5004E70AB /* Hipstapaper_share_macOS.appex */; settings = {ATTRIBUTES = (RemoveHeadersOnCopy, ); }; };
		502D55951E42C1AB0074AFCF /* MainWindowController.xib in Resources */ = {isa = PBXBuildFile; fileRef = 502D55941E42C1AB0074AFCF /* MainWindowController.xib */; };
		504A3A3B1DF924D300EA46A9 /* ShareViewController.xib in Resources */ = {isa = PBXBuildFile; fileRef = 504A3A391DF924D300EA46A9 /* ShareViewController.xib */; };
		5055515F1E1AD8BC006E2A3B /* FrameworkExtensions.swift in Sources */ = {isa = PBXBuildFile; fileRef = 5055515E1E1AD8BC006E2A3B /* FrameworkExtensions.swift */; };
		505B79BF1E0B924C007BB364 /* ShareViewController.swift in Sources */ = {isa = PBXBuildFile; fileRef = 505B79BE1E0B924C007BB364 /* ShareViewController.swift */; };
		506A3F081DD6C10C00A5656E /* AppDelegate.swift in Sources */ = {isa = PBXBuildFile; fileRef = 506A3F071DD6C10C00A5656E /* AppDelegate.swift */; };
		506A3F0A1DD6C10D00A5656E /* Assets.xcassets in Resources */ = {isa = PBXBuildFile; fileRef = 506A3F091DD6C10D00A5656E /* Assets.xcassets */; };
		506A3F0D1DD6C10D00A5656E /* MainMenu.xib in Resources */ = {isa = PBXBuildFile; fileRef = 506A3F0B1DD6C10D00A5656E /* MainMenu.xib */; };
		506AD7E31E4F9F9400537F61 /* QuickLookPanelController.swift in Sources */ = {isa = PBXBuildFile; fileRef = 506AD7E21E4F9F9400537F61 /* QuickLookPanelController.swift */; };
		5078B8131E43FE9400AA35E6 /* LoadingIndicatorViewController.swift in Sources */ = {isa = PBXBuildFile; fileRef = 5078B8121E43FE9400AA35E6 /* LoadingIndicatorViewController.swift */; };
		507C49C71F2CF8B200931269 /* LocalViewController.swift in Sources */ = {isa = PBXBuildFile; fileRef = 507C49C61F2CF8B200931269 /* LocalViewController.swift */; };
		50841AFC1E21B7AC008621BB /* FrameworkExtensions.swift in Sources */ = {isa = PBXBuildFile; fileRef = 50841AFB1E21B7AC008621BB /* FrameworkExtensions.swift */; };
		5085A15E1E3429D800F8EC34 /* AppleInterfaceStyleWindowAppearanceSwitcher.swift in Sources */ = {isa = PBXBuildFile; fileRef = 5085A15C1E3429D800F8EC34 /* AppleInterfaceStyleWindowAppearanceSwitcher.swift */; };
		5085A15F1E3429D800F8EC34 /* ValidatingToolbar.swift in Sources */ = {isa = PBXBuildFile; fileRef = 5085A15D1E3429D800F8EC34 /* ValidatingToolbar.swift */; };
		5085A1661E342A4700F8EC34 /* MainWindowController.swift in Sources */ = {isa = PBXBuildFile; fileRef = 5085A1621E342A4700F8EC34 /* MainWindowController.swift */; };
		5085A1671E342A4700F8EC34 /* ContentListViewController.swift in Sources */ = {isa = PBXBuildFile; fileRef = 5085A1631E342A4700F8EC34 /* ContentListViewController.swift */; };
		5085A1681E342A4700F8EC34 /* SourceListViewController.swift in Sources */ = {isa = PBXBuildFile; fileRef = 5085A1641E342A4700F8EC34 /* SourceListViewController.swift */; };
		509716651E3ED2DE00FC12A2 /* LoggedInViewController.swift in Sources */ = {isa = PBXBuildFile; fileRef = 509716611E3ED2DE00FC12A2 /* LoggedInViewController.swift */; };
		509716661E3ED2DE00FC12A2 /* LoginViewController.swift in Sources */ = {isa = PBXBuildFile; fileRef = 509716621E3ED2DE00FC12A2 /* LoginViewController.swift */; };
		509716671E3ED2DE00FC12A2 /* PreferencesWindowController.swift in Sources */ = {isa = PBXBuildFile; fileRef = 509716631E3ED2DE00FC12A2 /* PreferencesWindowController.swift */; };
		509716681E3ED2DE00FC12A2 /* PreferencesWindowController.xib in Resources */ = {isa = PBXBuildFile; fileRef = 509716641E3ED2DE00FC12A2 /* PreferencesWindowController.xib */; };
		5097166D1E3ED5AC00FC12A2 /* TagAddRemoveViewController.swift in Sources */ = {isa = PBXBuildFile; fileRef = 509716691E3ED5AC00FC12A2 /* TagAddRemoveViewController.swift */; };
		5097166E1E3ED5AC00FC12A2 /* TagCreateViewController.swift in Sources */ = {isa = PBXBuildFile; fileRef = 5097166A1E3ED5AC00FC12A2 /* TagCreateViewController.swift */; };
		5097166F1E3ED5AC00FC12A2 /* TagAddRemoveViewController.xib in Resources */ = {isa = PBXBuildFile; fileRef = 5097166B1E3ED5AC00FC12A2 /* TagAddRemoveViewController.xib */; };
		509716701E3ED5AC00FC12A2 /* TagCreateViewController.xib in Resources */ = {isa = PBXBuildFile; fileRef = 5097166C1E3ED5AC00FC12A2 /* TagCreateViewController.xib */; };
		509716741E3ED78700FC12A2 /* WebBrowserWindowController.swift in Sources */ = {isa = PBXBuildFile; fileRef = 509716711E3ED78700FC12A2 /* WebBrowserWindowController.swift */; };
		509716751E3ED78700FC12A2 /* WebBrowserWindowController.xib in Resources */ = {isa = PBXBuildFile; fileRef = 509716721E3ED78700FC12A2 /* WebBrowserWindowController.xib */; };
		509716761E3ED78700FC12A2 /* WebBrowserCreator.swift in Sources */ = {isa = PBXBuildFile; fileRef = 509716731E3ED78700FC12A2 /* WebBrowserCreator.swift */; };
		509716791E3ED9D400FC12A2 /* WebBrowserViewController.swift in Sources */ = {isa = PBXBuildFile; fileRef = 509716781E3ED9D400FC12A2 /* WebBrowserViewController.swift */; };
		5097167B1E3EDAB600FC12A2 /* MenuController.swift in Sources */ = {isa = PBXBuildFile; fileRef = 5097167A1E3EDAB600FC12A2 /* MenuController.swift */; };
		5097167D1E3EDADE00FC12A2 /* MainWindowCreator.swift in Sources */ = {isa = PBXBuildFile; fileRef = 5097167C1E3EDADE00FC12A2 /* MainWindowCreator.swift */; };
		509E027A1E42C2E300B4D08D /* SourceListViewController.xib in Resources */ = {isa = PBXBuildFile; fileRef = 509E02791E42C2E300B4D08D /* SourceListViewController.xib */; };
		509E027C1E42C30800B4D08D /* ContentListViewController.xib in Resources */ = {isa = PBXBuildFile; fileRef = 509E027B1E42C30800B4D08D /* ContentListViewController.xib */; };
		50F8329C1E371D4D0008921B /* LoggedInViewController.swift in Sources */ = {isa = PBXBuildFile; fileRef = 50F832971E371D4D0008921B /* LoggedInViewController.swift */; };
		50F8329D1E371D4D0008921B /* LoggedInViewController.xib in Resources */ = {isa = PBXBuildFile; fileRef = 50F832981E371D4D0008921B /* LoggedInViewController.xib */; };
		50F8329E1E371D4D0008921B /* LoginViewController.swift in Sources */ = {isa = PBXBuildFile; fileRef = 50F832991E371D4D0008921B /* LoginViewController.swift */; };
		50F8329F1E371D4D0008921B /* LoginTextFieldTableViewCell.swift in Sources */ = {isa = PBXBuildFile; fileRef = 50F8329A1E371D4D0008921B /* LoginTextFieldTableViewCell.swift */; };
		50F832A01E371D4D0008921B /* LoginTextFieldTableViewCell.xib in Resources */ = {isa = PBXBuildFile; fileRef = 50F8329B1E371D4D0008921B /* LoginTextFieldTableViewCell.xib */; };
		50F832A61E371D900008921B /* ContentListViewController.swift in Sources */ = {isa = PBXBuildFile; fileRef = 50F832A11E371D900008921B /* ContentListViewController.swift */; };
		50F832A71E371D900008921B /* ContentListViewController.xib in Resources */ = {isa = PBXBuildFile; fileRef = 50F832A21E371D900008921B /* ContentListViewController.xib */; };
		50F832A81E371D900008921B /* SourceListViewController.swift in Sources */ = {isa = PBXBuildFile; fileRef = 50F832A31E371D900008921B /* SourceListViewController.swift */; };
		50F832A91E371D900008921B /* SourceListViewController.xib in Resources */ = {isa = PBXBuildFile; fileRef = 50F832A41E371D900008921B /* SourceListViewController.xib */; };
		50F832AA1E371D900008921B /* MainSplitViewController.swift in Sources */ = {isa = PBXBuildFile; fileRef = 50F832A51E371D900008921B /* MainSplitViewController.swift */; };
		50F832AE1E371DFE0008921B /* SortSelectingViewController.swift in Sources */ = {isa = PBXBuildFile; fileRef = 50F832AC1E371DFE0008921B /* SortSelectingViewController.swift */; };
		50F832B31E371E360008921B /* SortSelectingViewController.swift in Sources */ = {isa = PBXBuildFile; fileRef = 50F832B11E371E360008921B /* SortSelectingViewController.swift */; };
		50F832B41E371E360008921B /* SortSelectingViewController.xib in Resources */ = {isa = PBXBuildFile; fileRef = 50F832B21E371E360008921B /* SortSelectingViewController.xib */; };
		50F832B81E371E720008921B /* ContentTableViewCell.swift in Sources */ = {isa = PBXBuildFile; fileRef = 50F832B51E371E720008921B /* ContentTableViewCell.swift */; };
		50F832B91E371E720008921B /* ContentTableViewCellImage.xib in Resources */ = {isa = PBXBuildFile; fileRef = 50F832B61E371E720008921B /* ContentTableViewCellImage.xib */; };
		50F832BA1E371E720008921B /* ContentTableViewCellNoImage.xib in Resources */ = {isa = PBXBuildFile; fileRef = 50F832B71E371E720008921B /* ContentTableViewCellNoImage.xib */; };
		50F832BF1E371EA90008921B /* TagAddRemoveTableViewCell.swift in Sources */ = {isa = PBXBuildFile; fileRef = 50F832BB1E371EA90008921B /* TagAddRemoveTableViewCell.swift */; };
		50F832C01E371EA90008921B /* TagAddRemoveTableViewCell.xib in Resources */ = {isa = PBXBuildFile; fileRef = 50F832BC1E371EA90008921B /* TagAddRemoveTableViewCell.xib */; };
		50F832C11E371EA90008921B /* TagAddRemoveViewController.swift in Sources */ = {isa = PBXBuildFile; fileRef = 50F832BD1E371EA90008921B /* TagAddRemoveViewController.swift */; };
		50F832C21E371EA90008921B /* TagAddRemoveViewController.xib in Resources */ = {isa = PBXBuildFile; fileRef = 50F832BE1E371EA90008921B /* TagAddRemoveViewController.xib */; };
		7F71E553732530D3E8D4B76A /* Pods_Hipstapaper_share_iOS.framework in Frameworks */ = {isa = PBXBuildFile; fileRef = 3D26BB1F55D9FFF4C85A5526 /* Pods_Hipstapaper_share_iOS.framework */; };
		97A8DD815FB0BD86CCEAE4FA /* Pods_Hipstapaper_share_macOS.framework in Frameworks */ = {isa = PBXBuildFile; fileRef = 1A3840B0BB699D6B1A7CC854 /* Pods_Hipstapaper_share_macOS.framework */; };
		CD3A4C8DE0763589C73CC67F /* Pods_Hipstapaper_app_macOS.framework in Frameworks */ = {isa = PBXBuildFile; fileRef = E646CA78B90435CAAFD1E09C /* Pods_Hipstapaper_app_macOS.framework */; };
		FA3B00DC79EA68441654923B /* Pods_Hipstapaper_app_iOS.framework in Frameworks */ = {isa = PBXBuildFile; fileRef = 90DDD86949B3AB421C23DF72 /* Pods_Hipstapaper_app_iOS.framework */; };
/* End PBXBuildFile section */

/* Begin PBXContainerItemProxy section */
		5005E1471DF4CC2600BA38E6 /* PBXContainerItemProxy */ = {
			isa = PBXContainerItemProxy;
			containerPortal = 506A3EFC1DD6C10C00A5656E /* Project object */;
			proxyType = 1;
			remoteGlobalIDString = 5005E13E1DF4CC2600BA38E6;
			remoteInfo = Hipstapaper_share_iOS;
		};
		502C7F561DF0E4D5004E70AB /* PBXContainerItemProxy */ = {
			isa = PBXContainerItemProxy;
			containerPortal = 506A3EFC1DD6C10C00A5656E /* Project object */;
			proxyType = 1;
			remoteGlobalIDString = 502C7F491DF0E4D5004E70AB;
			remoteInfo = Hipstapaper_share_macOS;
		};
/* End PBXContainerItemProxy section */

/* Begin PBXCopyFilesBuildPhase section */
		5005E14D1DF4CC2600BA38E6 /* Embed App Extensions */ = {
			isa = PBXCopyFilesBuildPhase;
			buildActionMask = 2147483647;
			dstPath = "";
			dstSubfolderSpec = 13;
			files = (
				5005E1491DF4CC2600BA38E6 /* Hipstapaper_share_iOS.appex in Embed App Extensions */,
			);
			name = "Embed App Extensions";
			runOnlyForDeploymentPostprocessing = 0;
		};
		502C7F5C1DF0E4D5004E70AB /* Embed App Extensions */ = {
			isa = PBXCopyFilesBuildPhase;
			buildActionMask = 2147483647;
			dstPath = "";
			dstSubfolderSpec = 13;
			files = (
				502C7F581DF0E4D5004E70AB /* Hipstapaper_share_macOS.appex in Embed App Extensions */,
			);
			name = "Embed App Extensions";
			runOnlyForDeploymentPostprocessing = 0;
		};
		502C7FBD1DF0E88F004E70AB /* Embed Frameworks */ = {
			isa = PBXCopyFilesBuildPhase;
			buildActionMask = 2147483647;
			dstPath = "";
			dstSubfolderSpec = 10;
			files = (
			);
			name = "Embed Frameworks";
			runOnlyForDeploymentPostprocessing = 0;
		};
		50FA3C021DF4F4E000551325 /* Embed Frameworks */ = {
			isa = PBXCopyFilesBuildPhase;
			buildActionMask = 2147483647;
			dstPath = "";
			dstSubfolderSpec = 10;
			files = (
			);
			name = "Embed Frameworks";
			runOnlyForDeploymentPostprocessing = 0;
		};
/* End PBXCopyFilesBuildPhase section */

/* Begin PBXFileReference section */
		1A3840B0BB699D6B1A7CC854 /* Pods_Hipstapaper_share_macOS.framework */ = {isa = PBXFileReference; explicitFileType = wrapper.framework; includeInIndex = 0; path = Pods_Hipstapaper_share_macOS.framework; sourceTree = BUILT_PRODUCTS_DIR; };
		1D1A8445A7F071F7AD60F187 /* Pods-Hipstapaper_app_macOS.release.xcconfig */ = {isa = PBXFileReference; includeInIndex = 1; lastKnownFileType = text.xcconfig; name = "Pods-Hipstapaper_app_macOS.release.xcconfig"; path = "Pods/Target Support Files/Pods-Hipstapaper_app_macOS/Pods-Hipstapaper_app_macOS.release.xcconfig"; sourceTree = "<group>"; };
		3D26BB1F55D9FFF4C85A5526 /* Pods_Hipstapaper_share_iOS.framework */ = {isa = PBXFileReference; explicitFileType = wrapper.framework; includeInIndex = 0; path = Pods_Hipstapaper_share_iOS.framework; sourceTree = BUILT_PRODUCTS_DIR; };
		5005E11B1DF4CB8300BA38E6 /* Hipstapaper.app */ = {isa = PBXFileReference; explicitFileType = wrapper.application; includeInIndex = 0; path = Hipstapaper.app; sourceTree = BUILT_PRODUCTS_DIR; };
		5005E11D1DF4CB8300BA38E6 /* AppDelegate.swift */ = {isa = PBXFileReference; lastKnownFileType = sourcecode.swift; path = AppDelegate.swift; sourceTree = "<group>"; };
		5005E1241DF4CB8300BA38E6 /* Assets.xcassets */ = {isa = PBXFileReference; lastKnownFileType = folder.assetcatalog; path = Assets.xcassets; sourceTree = "<group>"; };
		5005E1271DF4CB8300BA38E6 /* Base */ = {isa = PBXFileReference; lastKnownFileType = file.storyboard; name = Base; path = Base.lproj/LaunchScreen.storyboard; sourceTree = "<group>"; };
		5005E1291DF4CB8300BA38E6 /* Info.plist */ = {isa = PBXFileReference; lastKnownFileType = text.plist.xml; path = Info.plist; sourceTree = "<group>"; };
		5005E13F1DF4CC2600BA38E6 /* Hipstapaper_share_iOS.appex */ = {isa = PBXFileReference; explicitFileType = "wrapper.app-extension"; includeInIndex = 0; path = Hipstapaper_share_iOS.appex; sourceTree = BUILT_PRODUCTS_DIR; };
		5005E1461DF4CC2600BA38E6 /* Info.plist */ = {isa = PBXFileReference; lastKnownFileType = text.plist.xml; path = Info.plist; sourceTree = "<group>"; };
		50088A4C1E062A2500D6AAED /* ShareViewController.swift */ = {isa = PBXFileReference; fileEncoding = 4; lastKnownFileType = sourcecode.swift; path = ShareViewController.swift; sourceTree = "<group>"; };
		501B332B1E4595150073A8AC /* WebBrowserDelegate.swift */ = {isa = PBXFileReference; fileEncoding = 4; lastKnownFileType = sourcecode.swift; path = WebBrowserDelegate.swift; sourceTree = "<group>"; };
		501EC2591DF4E71D003577DA /* Hipstapaper_share_iOS.entitlements */ = {isa = PBXFileReference; lastKnownFileType = text.plist.entitlements; path = Hipstapaper_share_iOS.entitlements; sourceTree = "<group>"; };
		502C7F4A1DF0E4D5004E70AB /* Hipstapaper_share_macOS.appex */ = {isa = PBXFileReference; explicitFileType = "wrapper.app-extension"; includeInIndex = 0; path = Hipstapaper_share_macOS.appex; sourceTree = BUILT_PRODUCTS_DIR; };
		502C7F4D1DF0E4D5004E70AB /* icon.icns */ = {isa = PBXFileReference; lastKnownFileType = image.icns; path = icon.icns; sourceTree = "<group>"; };
		502C7F4F1DF0E4D5004E70AB /* Hipstapaper_share_macOS.entitlements */ = {isa = PBXFileReference; lastKnownFileType = text.plist.entitlements; path = Hipstapaper_share_macOS.entitlements; sourceTree = "<group>"; };
		502C7F531DF0E4D5004E70AB /* Base */ = {isa = PBXFileReference; lastKnownFileType = file.xib; name = Base; path = Base.lproj/ShareViewController.xib; sourceTree = "<group>"; };
		502C7F551DF0E4D5004E70AB /* Info.plist */ = {isa = PBXFileReference; lastKnownFileType = text.plist.xml; path = Info.plist; sourceTree = "<group>"; };
		502D55941E42C1AB0074AFCF /* MainWindowController.xib */ = {isa = PBXFileReference; fileEncoding = 4; lastKnownFileType = file.xib; path = MainWindowController.xib; sourceTree = "<group>"; };
		503DDFFF1E3FB8A600BCECE5 /* Common.framework */ = {isa = PBXFileReference; lastKnownFileType = wrapper.framework; name = Common.framework; path = "../../../../Library/Developer/Xcode/DerivedData/Hipstapaper-fucalajpmztkfyfjjbsapzbumphq/Build/Products/Debug/Common-OSX/Common.framework"; sourceTree = "<group>"; };
		504A3A391DF924D300EA46A9 /* ShareViewController.xib */ = {isa = PBXFileReference; fileEncoding = 4; lastKnownFileType = file.xib; path = ShareViewController.xib; sourceTree = "<group>"; };
		5055515E1E1AD8BC006E2A3B /* FrameworkExtensions.swift */ = {isa = PBXFileReference; fileEncoding = 4; lastKnownFileType = sourcecode.swift; path = FrameworkExtensions.swift; sourceTree = "<group>"; };
		505B79BE1E0B924C007BB364 /* ShareViewController.swift */ = {isa = PBXFileReference; fileEncoding = 4; lastKnownFileType = sourcecode.swift; path = ShareViewController.swift; sourceTree = "<group>"; };
		506A3F041DD6C10C00A5656E /* Hipstapaper.app */ = {isa = PBXFileReference; explicitFileType = wrapper.application; includeInIndex = 0; path = Hipstapaper.app; sourceTree = BUILT_PRODUCTS_DIR; };
		506A3F071DD6C10C00A5656E /* AppDelegate.swift */ = {isa = PBXFileReference; lastKnownFileType = sourcecode.swift; path = AppDelegate.swift; sourceTree = "<group>"; };
		506A3F091DD6C10D00A5656E /* Assets.xcassets */ = {isa = PBXFileReference; lastKnownFileType = folder.assetcatalog; path = Assets.xcassets; sourceTree = "<group>"; };
		506A3F0C1DD6C10D00A5656E /* Base */ = {isa = PBXFileReference; lastKnownFileType = file.xib; name = Base; path = Base.lproj/MainMenu.xib; sourceTree = "<group>"; };
		506A3F0E1DD6C10D00A5656E /* Info.plist */ = {isa = PBXFileReference; lastKnownFileType = text.plist.xml; path = Info.plist; sourceTree = "<group>"; };
		506AD7E21E4F9F9400537F61 /* QuickLookPanelController.swift */ = {isa = PBXFileReference; fileEncoding = 4; lastKnownFileType = sourcecode.swift; path = QuickLookPanelController.swift; sourceTree = "<group>"; };
		506D98121DD6CFFB002E4F54 /* Hipstapaper_app_macOS.entitlements */ = {isa = PBXFileReference; lastKnownFileType = text.plist.entitlements; path = Hipstapaper_app_macOS.entitlements; sourceTree = "<group>"; };
		5078B8121E43FE9400AA35E6 /* LoadingIndicatorViewController.swift */ = {isa = PBXFileReference; fileEncoding = 4; lastKnownFileType = sourcecode.swift; path = LoadingIndicatorViewController.swift; sourceTree = "<group>"; };
		507C49C61F2CF8B200931269 /* LocalViewController.swift */ = {isa = PBXFileReference; fileEncoding = 4; lastKnownFileType = sourcecode.swift; path = LocalViewController.swift; sourceTree = "<group>"; };
		50841AFB1E21B7AC008621BB /* FrameworkExtensions.swift */ = {isa = PBXFileReference; fileEncoding = 4; lastKnownFileType = sourcecode.swift; path = FrameworkExtensions.swift; sourceTree = "<group>"; };
		5085A15C1E3429D800F8EC34 /* AppleInterfaceStyleWindowAppearanceSwitcher.swift */ = {isa = PBXFileReference; fileEncoding = 4; lastKnownFileType = sourcecode.swift; path = AppleInterfaceStyleWindowAppearanceSwitcher.swift; sourceTree = "<group>"; };
		5085A15D1E3429D800F8EC34 /* ValidatingToolbar.swift */ = {isa = PBXFileReference; fileEncoding = 4; lastKnownFileType = sourcecode.swift; path = ValidatingToolbar.swift; sourceTree = "<group>"; };
		5085A1621E342A4700F8EC34 /* MainWindowController.swift */ = {isa = PBXFileReference; fileEncoding = 4; lastKnownFileType = sourcecode.swift; path = MainWindowController.swift; sourceTree = "<group>"; };
		5085A1631E342A4700F8EC34 /* ContentListViewController.swift */ = {isa = PBXFileReference; fileEncoding = 4; lastKnownFileType = sourcecode.swift; path = ContentListViewController.swift; sourceTree = "<group>"; };
		5085A1641E342A4700F8EC34 /* SourceListViewController.swift */ = {isa = PBXFileReference; fileEncoding = 4; lastKnownFileType = sourcecode.swift; path = SourceListViewController.swift; sourceTree = "<group>"; };
		509716611E3ED2DE00FC12A2 /* LoggedInViewController.swift */ = {isa = PBXFileReference; fileEncoding = 4; lastKnownFileType = sourcecode.swift; path = LoggedInViewController.swift; sourceTree = "<group>"; };
		509716621E3ED2DE00FC12A2 /* LoginViewController.swift */ = {isa = PBXFileReference; fileEncoding = 4; lastKnownFileType = sourcecode.swift; path = LoginViewController.swift; sourceTree = "<group>"; };
		509716631E3ED2DE00FC12A2 /* PreferencesWindowController.swift */ = {isa = PBXFileReference; fileEncoding = 4; lastKnownFileType = sourcecode.swift; path = PreferencesWindowController.swift; sourceTree = "<group>"; };
		509716641E3ED2DE00FC12A2 /* PreferencesWindowController.xib */ = {isa = PBXFileReference; fileEncoding = 4; lastKnownFileType = file.xib; path = PreferencesWindowController.xib; sourceTree = "<group>"; };
		509716691E3ED5AC00FC12A2 /* TagAddRemoveViewController.swift */ = {isa = PBXFileReference; fileEncoding = 4; lastKnownFileType = sourcecode.swift; path = TagAddRemoveViewController.swift; sourceTree = "<group>"; };
		5097166A1E3ED5AC00FC12A2 /* TagCreateViewController.swift */ = {isa = PBXFileReference; fileEncoding = 4; lastKnownFileType = sourcecode.swift; path = TagCreateViewController.swift; sourceTree = "<group>"; };
		5097166B1E3ED5AC00FC12A2 /* TagAddRemoveViewController.xib */ = {isa = PBXFileReference; fileEncoding = 4; lastKnownFileType = file.xib; path = TagAddRemoveViewController.xib; sourceTree = "<group>"; };
		5097166C1E3ED5AC00FC12A2 /* TagCreateViewController.xib */ = {isa = PBXFileReference; fileEncoding = 4; lastKnownFileType = file.xib; path = TagCreateViewController.xib; sourceTree = "<group>"; };
		509716711E3ED78700FC12A2 /* WebBrowserWindowController.swift */ = {isa = PBXFileReference; fileEncoding = 4; lastKnownFileType = sourcecode.swift; path = WebBrowserWindowController.swift; sourceTree = "<group>"; };
		509716721E3ED78700FC12A2 /* WebBrowserWindowController.xib */ = {isa = PBXFileReference; fileEncoding = 4; lastKnownFileType = file.xib; path = WebBrowserWindowController.xib; sourceTree = "<group>"; };
		509716731E3ED78700FC12A2 /* WebBrowserCreator.swift */ = {isa = PBXFileReference; fileEncoding = 4; lastKnownFileType = sourcecode.swift; path = WebBrowserCreator.swift; sourceTree = "<group>"; };
		509716781E3ED9D400FC12A2 /* WebBrowserViewController.swift */ = {isa = PBXFileReference; fileEncoding = 4; lastKnownFileType = sourcecode.swift; path = WebBrowserViewController.swift; sourceTree = "<group>"; };
		5097167A1E3EDAB600FC12A2 /* MenuController.swift */ = {isa = PBXFileReference; fileEncoding = 4; lastKnownFileType = sourcecode.swift; path = MenuController.swift; sourceTree = "<group>"; };
		5097167C1E3EDADE00FC12A2 /* MainWindowCreator.swift */ = {isa = PBXFileReference; fileEncoding = 4; lastKnownFileType = sourcecode.swift; path = MainWindowCreator.swift; sourceTree = "<group>"; };
		509E02791E42C2E300B4D08D /* SourceListViewController.xib */ = {isa = PBXFileReference; fileEncoding = 4; lastKnownFileType = file.xib; path = SourceListViewController.xib; sourceTree = "<group>"; };
		509E027B1E42C30800B4D08D /* ContentListViewController.xib */ = {isa = PBXFileReference; fileEncoding = 4; lastKnownFileType = file.xib; path = ContentListViewController.xib; sourceTree = "<group>"; };
		50F832971E371D4D0008921B /* LoggedInViewController.swift */ = {isa = PBXFileReference; fileEncoding = 4; lastKnownFileType = sourcecode.swift; path = LoggedInViewController.swift; sourceTree = "<group>"; };
		50F832981E371D4D0008921B /* LoggedInViewController.xib */ = {isa = PBXFileReference; fileEncoding = 4; lastKnownFileType = file.xib; path = LoggedInViewController.xib; sourceTree = "<group>"; };
		50F832991E371D4D0008921B /* LoginViewController.swift */ = {isa = PBXFileReference; fileEncoding = 4; lastKnownFileType = sourcecode.swift; path = LoginViewController.swift; sourceTree = "<group>"; };
		50F8329A1E371D4D0008921B /* LoginTextFieldTableViewCell.swift */ = {isa = PBXFileReference; fileEncoding = 4; lastKnownFileType = sourcecode.swift; path = LoginTextFieldTableViewCell.swift; sourceTree = "<group>"; };
		50F8329B1E371D4D0008921B /* LoginTextFieldTableViewCell.xib */ = {isa = PBXFileReference; fileEncoding = 4; lastKnownFileType = file.xib; path = LoginTextFieldTableViewCell.xib; sourceTree = "<group>"; };
		50F832A11E371D900008921B /* ContentListViewController.swift */ = {isa = PBXFileReference; fileEncoding = 4; lastKnownFileType = sourcecode.swift; path = ContentListViewController.swift; sourceTree = "<group>"; };
		50F832A21E371D900008921B /* ContentListViewController.xib */ = {isa = PBXFileReference; fileEncoding = 4; lastKnownFileType = file.xib; path = ContentListViewController.xib; sourceTree = "<group>"; };
		50F832A31E371D900008921B /* SourceListViewController.swift */ = {isa = PBXFileReference; fileEncoding = 4; lastKnownFileType = sourcecode.swift; path = SourceListViewController.swift; sourceTree = "<group>"; };
		50F832A41E371D900008921B /* SourceListViewController.xib */ = {isa = PBXFileReference; fileEncoding = 4; lastKnownFileType = file.xib; path = SourceListViewController.xib; sourceTree = "<group>"; };
		50F832A51E371D900008921B /* MainSplitViewController.swift */ = {isa = PBXFileReference; fileEncoding = 4; lastKnownFileType = sourcecode.swift; path = MainSplitViewController.swift; sourceTree = "<group>"; };
		50F832AC1E371DFE0008921B /* SortSelectingViewController.swift */ = {isa = PBXFileReference; fileEncoding = 4; lastKnownFileType = sourcecode.swift; path = SortSelectingViewController.swift; sourceTree = "<group>"; };
		50F832B11E371E360008921B /* SortSelectingViewController.swift */ = {isa = PBXFileReference; fileEncoding = 4; lastKnownFileType = sourcecode.swift; path = SortSelectingViewController.swift; sourceTree = "<group>"; };
		50F832B21E371E360008921B /* SortSelectingViewController.xib */ = {isa = PBXFileReference; fileEncoding = 4; lastKnownFileType = file.xib; path = SortSelectingViewController.xib; sourceTree = "<group>"; };
		50F832B51E371E720008921B /* ContentTableViewCell.swift */ = {isa = PBXFileReference; fileEncoding = 4; lastKnownFileType = sourcecode.swift; path = ContentTableViewCell.swift; sourceTree = "<group>"; };
		50F832B61E371E720008921B /* ContentTableViewCellImage.xib */ = {isa = PBXFileReference; fileEncoding = 4; lastKnownFileType = file.xib; path = ContentTableViewCellImage.xib; sourceTree = "<group>"; };
		50F832B71E371E720008921B /* ContentTableViewCellNoImage.xib */ = {isa = PBXFileReference; fileEncoding = 4; lastKnownFileType = file.xib; path = ContentTableViewCellNoImage.xib; sourceTree = "<group>"; };
		50F832BB1E371EA90008921B /* TagAddRemoveTableViewCell.swift */ = {isa = PBXFileReference; fileEncoding = 4; lastKnownFileType = sourcecode.swift; path = TagAddRemoveTableViewCell.swift; sourceTree = "<group>"; };
		50F832BC1E371EA90008921B /* TagAddRemoveTableViewCell.xib */ = {isa = PBXFileReference; fileEncoding = 4; lastKnownFileType = file.xib; path = TagAddRemoveTableViewCell.xib; sourceTree = "<group>"; };
		50F832BD1E371EA90008921B /* TagAddRemoveViewController.swift */ = {isa = PBXFileReference; fileEncoding = 4; lastKnownFileType = sourcecode.swift; path = TagAddRemoveViewController.swift; sourceTree = "<group>"; };
		50F832BE1E371EA90008921B /* TagAddRemoveViewController.xib */ = {isa = PBXFileReference; fileEncoding = 4; lastKnownFileType = file.xib; path = TagAddRemoveViewController.xib; sourceTree = "<group>"; };
		50FA3BFA1DF4F3A400551325 /* Hipstapaper_app_iOS.entitlements */ = {isa = PBXFileReference; lastKnownFileType = text.plist.entitlements; path = Hipstapaper_app_iOS.entitlements; sourceTree = "<group>"; };
		5F54888A6DD3B257C9590AEA /* Pods-Hipstapaper_share_macOS.debug.xcconfig */ = {isa = PBXFileReference; includeInIndex = 1; lastKnownFileType = text.xcconfig; name = "Pods-Hipstapaper_share_macOS.debug.xcconfig"; path = "Pods/Target Support Files/Pods-Hipstapaper_share_macOS/Pods-Hipstapaper_share_macOS.debug.xcconfig"; sourceTree = "<group>"; };
		90DDD86949B3AB421C23DF72 /* Pods_Hipstapaper_app_iOS.framework */ = {isa = PBXFileReference; explicitFileType = wrapper.framework; includeInIndex = 0; path = Pods_Hipstapaper_app_iOS.framework; sourceTree = BUILT_PRODUCTS_DIR; };
		96E8707AB89530E913E8DA44 /* Pods-Hipstapaper_share_iOS.debug.xcconfig */ = {isa = PBXFileReference; includeInIndex = 1; lastKnownFileType = text.xcconfig; name = "Pods-Hipstapaper_share_iOS.debug.xcconfig"; path = "Pods/Target Support Files/Pods-Hipstapaper_share_iOS/Pods-Hipstapaper_share_iOS.debug.xcconfig"; sourceTree = "<group>"; };
		9F39DF42A44AA2B4AB4AAE3A /* Pods-Hipstapaper_share_macOS.release.xcconfig */ = {isa = PBXFileReference; includeInIndex = 1; lastKnownFileType = text.xcconfig; name = "Pods-Hipstapaper_share_macOS.release.xcconfig"; path = "Pods/Target Support Files/Pods-Hipstapaper_share_macOS/Pods-Hipstapaper_share_macOS.release.xcconfig"; sourceTree = "<group>"; };
		B3BF324B189FB3EE1ADB695B /* Pods-Hipstapaper_app_iOS.debug.xcconfig */ = {isa = PBXFileReference; includeInIndex = 1; lastKnownFileType = text.xcconfig; name = "Pods-Hipstapaper_app_iOS.debug.xcconfig"; path = "Pods/Target Support Files/Pods-Hipstapaper_app_iOS/Pods-Hipstapaper_app_iOS.debug.xcconfig"; sourceTree = "<group>"; };
		B489707E520576F24F4CC22E /* Pods-Hipstapaper_app_macOS.debug.xcconfig */ = {isa = PBXFileReference; includeInIndex = 1; lastKnownFileType = text.xcconfig; name = "Pods-Hipstapaper_app_macOS.debug.xcconfig"; path = "Pods/Target Support Files/Pods-Hipstapaper_app_macOS/Pods-Hipstapaper_app_macOS.debug.xcconfig"; sourceTree = "<group>"; };
		C73D4ECF6D57204684DFB2F8 /* Pods-Hipstapaper_app_iOS.release.xcconfig */ = {isa = PBXFileReference; includeInIndex = 1; lastKnownFileType = text.xcconfig; name = "Pods-Hipstapaper_app_iOS.release.xcconfig"; path = "Pods/Target Support Files/Pods-Hipstapaper_app_iOS/Pods-Hipstapaper_app_iOS.release.xcconfig"; sourceTree = "<group>"; };
		E00C7EEAE51BE51BE313273F /* Pods-Hipstapaper_share_iOS.release.xcconfig */ = {isa = PBXFileReference; includeInIndex = 1; lastKnownFileType = text.xcconfig; name = "Pods-Hipstapaper_share_iOS.release.xcconfig"; path = "Pods/Target Support Files/Pods-Hipstapaper_share_iOS/Pods-Hipstapaper_share_iOS.release.xcconfig"; sourceTree = "<group>"; };
		E646CA78B90435CAAFD1E09C /* Pods_Hipstapaper_app_macOS.framework */ = {isa = PBXFileReference; explicitFileType = wrapper.framework; includeInIndex = 0; path = Pods_Hipstapaper_app_macOS.framework; sourceTree = BUILT_PRODUCTS_DIR; };
/* End PBXFileReference section */

/* Begin PBXFrameworksBuildPhase section */
		5005E1181DF4CB8300BA38E6 /* Frameworks */ = {
			isa = PBXFrameworksBuildPhase;
			buildActionMask = 2147483647;
			files = (
				FA3B00DC79EA68441654923B /* Pods_Hipstapaper_app_iOS.framework in Frameworks */,
			);
			runOnlyForDeploymentPostprocessing = 0;
		};
		5005E13C1DF4CC2600BA38E6 /* Frameworks */ = {
			isa = PBXFrameworksBuildPhase;
			buildActionMask = 2147483647;
			files = (
				7F71E553732530D3E8D4B76A /* Pods_Hipstapaper_share_iOS.framework in Frameworks */,
			);
			runOnlyForDeploymentPostprocessing = 0;
		};
		502C7F471DF0E4D5004E70AB /* Frameworks */ = {
			isa = PBXFrameworksBuildPhase;
			buildActionMask = 2147483647;
			files = (
				97A8DD815FB0BD86CCEAE4FA /* Pods_Hipstapaper_share_macOS.framework in Frameworks */,
			);
			runOnlyForDeploymentPostprocessing = 0;
		};
		506A3F011DD6C10C00A5656E /* Frameworks */ = {
			isa = PBXFrameworksBuildPhase;
			buildActionMask = 2147483647;
			files = (
				CD3A4C8DE0763589C73CC67F /* Pods_Hipstapaper_app_macOS.framework in Frameworks */,
			);
			runOnlyForDeploymentPostprocessing = 0;
		};
/* End PBXFrameworksBuildPhase section */

/* Begin PBXGroup section */
		17092F35B6713DD75087CAD5 /* Frameworks */ = {
			isa = PBXGroup;
			children = (
				503DDFFF1E3FB8A600BCECE5 /* Common.framework */,
				90DDD86949B3AB421C23DF72 /* Pods_Hipstapaper_app_iOS.framework */,
				E646CA78B90435CAAFD1E09C /* Pods_Hipstapaper_app_macOS.framework */,
				3D26BB1F55D9FFF4C85A5526 /* Pods_Hipstapaper_share_iOS.framework */,
				1A3840B0BB699D6B1A7CC854 /* Pods_Hipstapaper_share_macOS.framework */,
			);
			name = Frameworks;
			sourceTree = "<group>";
		};
		5005E11C1DF4CB8300BA38E6 /* Hipstapaper_app_iOS */ = {
			isa = PBXGroup;
			children = (
				5005E11D1DF4CB8300BA38E6 /* AppDelegate.swift */,
				50841AFB1E21B7AC008621BB /* FrameworkExtensions.swift */,
				50F832941E371CB30008921B /* MainWindow */,
				50F832951E371CC10008921B /* LoginViewControllers */,
				50F832B01E371E120008921B /* SortSelectingViewController */,
				50F832961E371CDA0008921B /* TagAddRemoveViewController */,
				509716771E3ED9A700FC12A2 /* WebBrowser */,
				5005E1241DF4CB8300BA38E6 /* Assets.xcassets */,
				5005E1261DF4CB8300BA38E6 /* LaunchScreen.storyboard */,
				5005E1291DF4CB8300BA38E6 /* Info.plist */,
				50FA3BFA1DF4F3A400551325 /* Hipstapaper_app_iOS.entitlements */,
			);
			path = Hipstapaper_app_iOS;
			sourceTree = "<group>";
		};
		5005E1401DF4CC2600BA38E6 /* Hipstapaper_share_iOS */ = {
			isa = PBXGroup;
			children = (
				50088A4C1E062A2500D6AAED /* ShareViewController.swift */,
				504A3A391DF924D300EA46A9 /* ShareViewController.xib */,
				5005E1461DF4CC2600BA38E6 /* Info.plist */,
				501EC2591DF4E71D003577DA /* Hipstapaper_share_iOS.entitlements */,
			);
			path = Hipstapaper_share_iOS;
			sourceTree = "<group>";
		};
		502C7F4B1DF0E4D5004E70AB /* Hipstapaper_share_macOS */ = {
			isa = PBXGroup;
			children = (
				505B79BE1E0B924C007BB364 /* ShareViewController.swift */,
				502C7F521DF0E4D5004E70AB /* ShareViewController.xib */,
				502C7F551DF0E4D5004E70AB /* Info.plist */,
				502C7F4C1DF0E4D5004E70AB /* Supporting Files */,
			);
			path = Hipstapaper_share_macOS;
			sourceTree = "<group>";
		};
		502C7F4C1DF0E4D5004E70AB /* Supporting Files */ = {
			isa = PBXGroup;
			children = (
				502C7F4D1DF0E4D5004E70AB /* icon.icns */,
				502C7F4F1DF0E4D5004E70AB /* Hipstapaper_share_macOS.entitlements */,
			);
			name = "Supporting Files";
			sourceTree = "<group>";
		};
		5048AF0B1E0DA45300AC1B2D /* TagAddRemoveViewController */ = {
			isa = PBXGroup;
			children = (
				509716691E3ED5AC00FC12A2 /* TagAddRemoveViewController.swift */,
				5097166B1E3ED5AC00FC12A2 /* TagAddRemoveViewController.xib */,
				5097166A1E3ED5AC00FC12A2 /* TagCreateViewController.swift */,
				5097166C1E3ED5AC00FC12A2 /* TagCreateViewController.xib */,
			);
			path = TagAddRemoveViewController;
			sourceTree = "<group>";
		};
		505B30481DEA695D00B74AE6 /* WebBrowser */ = {
			isa = PBXGroup;
			children = (
				509716711E3ED78700FC12A2 /* WebBrowserWindowController.swift */,
				509716721E3ED78700FC12A2 /* WebBrowserWindowController.xib */,
				509716731E3ED78700FC12A2 /* WebBrowserCreator.swift */,
				501B332B1E4595150073A8AC /* WebBrowserDelegate.swift */,
			);
			path = WebBrowser;
			sourceTree = "<group>";
		};
		506A3EFB1DD6C10C00A5656E = {
			isa = PBXGroup;
			children = (
				506A3F061DD6C10C00A5656E /* Hipstapaper_app_macOS */,
				502C7F4B1DF0E4D5004E70AB /* Hipstapaper_share_macOS */,
				5005E11C1DF4CB8300BA38E6 /* Hipstapaper_app_iOS */,
				5005E1401DF4CC2600BA38E6 /* Hipstapaper_share_iOS */,
				506A3F051DD6C10C00A5656E /* Products */,
				E2499158A9A7144B9DDE9365 /* Pods */,
				17092F35B6713DD75087CAD5 /* Frameworks */,
			);
			sourceTree = "<group>";
		};
		506A3F051DD6C10C00A5656E /* Products */ = {
			isa = PBXGroup;
			children = (
				506A3F041DD6C10C00A5656E /* Hipstapaper.app */,
				502C7F4A1DF0E4D5004E70AB /* Hipstapaper_share_macOS.appex */,
				5005E11B1DF4CB8300BA38E6 /* Hipstapaper.app */,
				5005E13F1DF4CC2600BA38E6 /* Hipstapaper_share_iOS.appex */,
			);
			name = Products;
			sourceTree = "<group>";
		};
		506A3F061DD6C10C00A5656E /* Hipstapaper_app_macOS */ = {
			isa = PBXGroup;
			children = (
				506A3F071DD6C10C00A5656E /* AppDelegate.swift */,
				5055515E1E1AD8BC006E2A3B /* FrameworkExtensions.swift */,
				5085A1601E3429E400F8EC34 /* MainWindow */,
				5086231D1E10C72400C06C7D /* LoginViewControllers */,
				50F832AB1E371DC50008921B /* SortSelectingViewController */,
				5048AF0B1E0DA45300AC1B2D /* TagAddRemoveViewController */,
				505B30481DEA695D00B74AE6 /* WebBrowser */,
				5085A15B1E3429B300F8EC34 /* HelperClasses */,
				506A3F091DD6C10D00A5656E /* Assets.xcassets */,
				506A3F0B1DD6C10D00A5656E /* MainMenu.xib */,
				506A3F0E1DD6C10D00A5656E /* Info.plist */,
				506D98121DD6CFFB002E4F54 /* Hipstapaper_app_macOS.entitlements */,
			);
			path = Hipstapaper_app_macOS;
			sourceTree = "<group>";
		};
		5085A15B1E3429B300F8EC34 /* HelperClasses */ = {
			isa = PBXGroup;
			children = (
				5085A15C1E3429D800F8EC34 /* AppleInterfaceStyleWindowAppearanceSwitcher.swift */,
				5085A15D1E3429D800F8EC34 /* ValidatingToolbar.swift */,
				5097167A1E3EDAB600FC12A2 /* MenuController.swift */,
				506AD7E21E4F9F9400537F61 /* QuickLookPanelController.swift */,
			);
			path = HelperClasses;
			sourceTree = "<group>";
		};
		5085A1601E3429E400F8EC34 /* MainWindow */ = {
			isa = PBXGroup;
			children = (
				5085A1621E342A4700F8EC34 /* MainWindowController.swift */,
				502D55941E42C1AB0074AFCF /* MainWindowController.xib */,
				5097167C1E3EDADE00FC12A2 /* MainWindowCreator.swift */,
				5085A1641E342A4700F8EC34 /* SourceListViewController.swift */,
				509E02791E42C2E300B4D08D /* SourceListViewController.xib */,
				5085A1631E342A4700F8EC34 /* ContentListViewController.swift */,
				509E027B1E42C30800B4D08D /* ContentListViewController.xib */,
				5078B8121E43FE9400AA35E6 /* LoadingIndicatorViewController.swift */,
			);
			path = MainWindow;
			sourceTree = "<group>";
		};
		5086231D1E10C72400C06C7D /* LoginViewControllers */ = {
			isa = PBXGroup;
			children = (
				509716611E3ED2DE00FC12A2 /* LoggedInViewController.swift */,
				509716621E3ED2DE00FC12A2 /* LoginViewController.swift */,
				507C49C61F2CF8B200931269 /* LocalViewController.swift */,
				509716631E3ED2DE00FC12A2 /* PreferencesWindowController.swift */,
				509716641E3ED2DE00FC12A2 /* PreferencesWindowController.xib */,
			);
			path = LoginViewControllers;
			sourceTree = "<group>";
		};
		509716771E3ED9A700FC12A2 /* WebBrowser */ = {
			isa = PBXGroup;
			children = (
				509716781E3ED9D400FC12A2 /* WebBrowserViewController.swift */,
			);
			path = WebBrowser;
			sourceTree = "<group>";
		};
		50F832941E371CB30008921B /* MainWindow */ = {
			isa = PBXGroup;
			children = (
				50F832A51E371D900008921B /* MainSplitViewController.swift */,
				50F832A31E371D900008921B /* SourceListViewController.swift */,
				50F832A41E371D900008921B /* SourceListViewController.xib */,
				50F832A11E371D900008921B /* ContentListViewController.swift */,
				50F832A21E371D900008921B /* ContentListViewController.xib */,
				50F832B51E371E720008921B /* ContentTableViewCell.swift */,
				50F832B61E371E720008921B /* ContentTableViewCellImage.xib */,
				50F832B71E371E720008921B /* ContentTableViewCellNoImage.xib */,
			);
			path = MainWindow;
			sourceTree = "<group>";
		};
		50F832951E371CC10008921B /* LoginViewControllers */ = {
			isa = PBXGroup;
			children = (
				50F832971E371D4D0008921B /* LoggedInViewController.swift */,
				50F832981E371D4D0008921B /* LoggedInViewController.xib */,
				50F832991E371D4D0008921B /* LoginViewController.swift */,
				50F8329A1E371D4D0008921B /* LoginTextFieldTableViewCell.swift */,
				50F8329B1E371D4D0008921B /* LoginTextFieldTableViewCell.xib */,
			);
			path = LoginViewControllers;
			sourceTree = "<group>";
		};
		50F832961E371CDA0008921B /* TagAddRemoveViewController */ = {
			isa = PBXGroup;
			children = (
				50F832BD1E371EA90008921B /* TagAddRemoveViewController.swift */,
				50F832BE1E371EA90008921B /* TagAddRemoveViewController.xib */,
				50F832BB1E371EA90008921B /* TagAddRemoveTableViewCell.swift */,
				50F832BC1E371EA90008921B /* TagAddRemoveTableViewCell.xib */,
			);
			path = TagAddRemoveViewController;
			sourceTree = "<group>";
		};
		50F832AB1E371DC50008921B /* SortSelectingViewController */ = {
			isa = PBXGroup;
			children = (
				50F832AC1E371DFE0008921B /* SortSelectingViewController.swift */,
			);
			path = SortSelectingViewController;
			sourceTree = "<group>";
		};
		50F832B01E371E120008921B /* SortSelectingViewController */ = {
			isa = PBXGroup;
			children = (
				50F832B11E371E360008921B /* SortSelectingViewController.swift */,
				50F832B21E371E360008921B /* SortSelectingViewController.xib */,
			);
			path = SortSelectingViewController;
			sourceTree = "<group>";
		};
		E2499158A9A7144B9DDE9365 /* Pods */ = {
			isa = PBXGroup;
			children = (
				B3BF324B189FB3EE1ADB695B /* Pods-Hipstapaper_app_iOS.debug.xcconfig */,
				C73D4ECF6D57204684DFB2F8 /* Pods-Hipstapaper_app_iOS.release.xcconfig */,
				B489707E520576F24F4CC22E /* Pods-Hipstapaper_app_macOS.debug.xcconfig */,
				1D1A8445A7F071F7AD60F187 /* Pods-Hipstapaper_app_macOS.release.xcconfig */,
				96E8707AB89530E913E8DA44 /* Pods-Hipstapaper_share_iOS.debug.xcconfig */,
				E00C7EEAE51BE51BE313273F /* Pods-Hipstapaper_share_iOS.release.xcconfig */,
				5F54888A6DD3B257C9590AEA /* Pods-Hipstapaper_share_macOS.debug.xcconfig */,
				9F39DF42A44AA2B4AB4AAE3A /* Pods-Hipstapaper_share_macOS.release.xcconfig */,
			);
			name = Pods;
			sourceTree = "<group>";
		};
/* End PBXGroup section */

/* Begin PBXNativeTarget section */
		5005E11A1DF4CB8300BA38E6 /* Hipstapaper_app_iOS */ = {
			isa = PBXNativeTarget;
			buildConfigurationList = 5005E1391DF4CB8300BA38E6 /* Build configuration list for PBXNativeTarget "Hipstapaper_app_iOS" */;
			buildPhases = (
				024683F387A129D5EA4C40F2 /* [CP] Check Pods Manifest.lock */,
				5005E1171DF4CB8300BA38E6 /* Sources */,
				5005E1181DF4CB8300BA38E6 /* Frameworks */,
				5005E1191DF4CB8300BA38E6 /* Resources */,
				5005E14D1DF4CC2600BA38E6 /* Embed App Extensions */,
				50FA3C021DF4F4E000551325 /* Embed Frameworks */,
				8CAE8324B5FBB063EC6265D2 /* [CP] Embed Pods Frameworks */,
			);
			buildRules = (
			);
			dependencies = (
				5005E1481DF4CC2600BA38E6 /* PBXTargetDependency */,
			);
			name = Hipstapaper_app_iOS;
			productName = Hipstapaper_app_iOS;
			productReference = 5005E11B1DF4CB8300BA38E6 /* Hipstapaper.app */;
			productType = "com.apple.product-type.application";
		};
		5005E13E1DF4CC2600BA38E6 /* Hipstapaper_share_iOS */ = {
			isa = PBXNativeTarget;
			buildConfigurationList = 5005E14A1DF4CC2600BA38E6 /* Build configuration list for PBXNativeTarget "Hipstapaper_share_iOS" */;
			buildPhases = (
				61647C069520BF1D30044FEC /* [CP] Check Pods Manifest.lock */,
				5005E13B1DF4CC2600BA38E6 /* Sources */,
				5005E13C1DF4CC2600BA38E6 /* Frameworks */,
				5005E13D1DF4CC2600BA38E6 /* Resources */,
			);
			buildRules = (
			);
			dependencies = (
			);
			name = Hipstapaper_share_iOS;
			productName = Hipstapaper_share_iOS;
			productReference = 5005E13F1DF4CC2600BA38E6 /* Hipstapaper_share_iOS.appex */;
			productType = "com.apple.product-type.app-extension";
		};
		502C7F491DF0E4D5004E70AB /* Hipstapaper_share_macOS */ = {
			isa = PBXNativeTarget;
			buildConfigurationList = 502C7F5B1DF0E4D5004E70AB /* Build configuration list for PBXNativeTarget "Hipstapaper_share_macOS" */;
			buildPhases = (
				F15F8C1F15B429C042964E02 /* [CP] Check Pods Manifest.lock */,
				502C7F461DF0E4D5004E70AB /* Sources */,
				502C7F471DF0E4D5004E70AB /* Frameworks */,
				502C7F481DF0E4D5004E70AB /* Resources */,
			);
			buildRules = (
			);
			dependencies = (
			);
			name = Hipstapaper_share_macOS;
			productName = Hipstapaper_share_macOS;
			productReference = 502C7F4A1DF0E4D5004E70AB /* Hipstapaper_share_macOS.appex */;
			productType = "com.apple.product-type.app-extension";
		};
		506A3F031DD6C10C00A5656E /* Hipstapaper_app_macOS */ = {
			isa = PBXNativeTarget;
			buildConfigurationList = 506A3F111DD6C10D00A5656E /* Build configuration list for PBXNativeTarget "Hipstapaper_app_macOS" */;
			buildPhases = (
				9D9E09560BCBC44421F10655 /* [CP] Check Pods Manifest.lock */,
				50A22B2E1E688896005C9733 /* Swift Lint */,
				506A3F001DD6C10C00A5656E /* Sources */,
				506A3F011DD6C10C00A5656E /* Frameworks */,
				506A3F021DD6C10C00A5656E /* Resources */,
				502C7F5C1DF0E4D5004E70AB /* Embed App Extensions */,
				502C7FBD1DF0E88F004E70AB /* Embed Frameworks */,
				2B8EA3505BE619E121CC55CD /* [CP] Embed Pods Frameworks */,
			);
			buildRules = (
			);
			dependencies = (
				502C7F571DF0E4D5004E70AB /* PBXTargetDependency */,
			);
			name = Hipstapaper_app_macOS;
			productName = Hipstapaper;
			productReference = 506A3F041DD6C10C00A5656E /* Hipstapaper.app */;
			productType = "com.apple.product-type.application";
		};
/* End PBXNativeTarget section */

/* Begin PBXProject section */
		506A3EFC1DD6C10C00A5656E /* Project object */ = {
			isa = PBXProject;
			attributes = {
				LastSwiftUpdateCheck = 0820;
				LastUpgradeCheck = 0900;
				ORGANIZATIONNAME = "Jeffrey Bergier";
				TargetAttributes = {
					5005E11A1DF4CB8300BA38E6 = {
						CreatedOnToolsVersion = 8.2;
						DevelopmentTeam = V6ESYGU6CV;
						LastSwiftMigration = 1020;
						ProvisioningStyle = Automatic;
						SystemCapabilities = {
							com.apple.ApplicationGroups.iOS = {
								enabled = 1;
							};
							com.apple.BackgroundModes = {
								enabled = 0;
							};
							com.apple.DataProtection = {
								enabled = 1;
							};
							com.apple.Push = {
								enabled = 0;
							};
							com.apple.iCloud = {
								enabled = 0;
							};
						};
					};
					5005E13E1DF4CC2600BA38E6 = {
						CreatedOnToolsVersion = 8.2;
						DevelopmentTeam = V6ESYGU6CV;
						LastSwiftMigration = 1020;
						ProvisioningStyle = Automatic;
						SystemCapabilities = {
							com.apple.ApplicationGroups.iOS = {
								enabled = 1;
							};
							com.apple.Push = {
								enabled = 0;
							};
							com.apple.iCloud = {
								enabled = 0;
							};
						};
					};
					502C7F491DF0E4D5004E70AB = {
						CreatedOnToolsVersion = 8.2;
						DevelopmentTeam = V6ESYGU6CV;
						LastSwiftMigration = 0820;
						ProvisioningStyle = Automatic;
						SystemCapabilities = {
							com.apple.ApplicationGroups.Mac = {
								enabled = 1;
							};
							com.apple.Push = {
								enabled = 0;
							};
							com.apple.iCloud = {
								enabled = 0;
							};
						};
					};
					506A3F031DD6C10C00A5656E = {
						CreatedOnToolsVersion = 8.2;
						DevelopmentTeam = V6ESYGU6CV;
						ProvisioningStyle = Automatic;
						SystemCapabilities = {
							com.apple.ApplicationGroups.Mac = {
								enabled = 1;
							};
							com.apple.Push = {
								enabled = 0;
							};
							com.apple.Sandbox = {
								enabled = 1;
							};
							com.apple.iCloud = {
								enabled = 0;
							};
						};
					};
				};
			};
			buildConfigurationList = 506A3EFF1DD6C10C00A5656E /* Build configuration list for PBXProject "Hipstapaper" */;
			compatibilityVersion = "Xcode 3.2";
			developmentRegion = English;
			hasScannedForEncodings = 0;
			knownRegions = (
				English,
				en,
				Base,
			);
			mainGroup = 506A3EFB1DD6C10C00A5656E;
			productRefGroup = 506A3F051DD6C10C00A5656E /* Products */;
			projectDirPath = "";
			projectRoot = "";
			targets = (
				506A3F031DD6C10C00A5656E /* Hipstapaper_app_macOS */,
				502C7F491DF0E4D5004E70AB /* Hipstapaper_share_macOS */,
				5005E11A1DF4CB8300BA38E6 /* Hipstapaper_app_iOS */,
				5005E13E1DF4CC2600BA38E6 /* Hipstapaper_share_iOS */,
			);
		};
/* End PBXProject section */

/* Begin PBXResourcesBuildPhase section */
		5005E1191DF4CB8300BA38E6 /* Resources */ = {
			isa = PBXResourcesBuildPhase;
			buildActionMask = 2147483647;
			files = (
				50F832B41E371E360008921B /* SortSelectingViewController.xib in Resources */,
				50F832A91E371D900008921B /* SourceListViewController.xib in Resources */,
				50F8329D1E371D4D0008921B /* LoggedInViewController.xib in Resources */,
				50F832B91E371E720008921B /* ContentTableViewCellImage.xib in Resources */,
				50F832A71E371D900008921B /* ContentListViewController.xib in Resources */,
				5005E1281DF4CB8300BA38E6 /* LaunchScreen.storyboard in Resources */,
				50F832C01E371EA90008921B /* TagAddRemoveTableViewCell.xib in Resources */,
				50F832C21E371EA90008921B /* TagAddRemoveViewController.xib in Resources */,
				50F832BA1E371E720008921B /* ContentTableViewCellNoImage.xib in Resources */,
				50F832A01E371D4D0008921B /* LoginTextFieldTableViewCell.xib in Resources */,
				5005E1251DF4CB8300BA38E6 /* Assets.xcassets in Resources */,
			);
			runOnlyForDeploymentPostprocessing = 0;
		};
		5005E13D1DF4CC2600BA38E6 /* Resources */ = {
			isa = PBXResourcesBuildPhase;
			buildActionMask = 2147483647;
			files = (
				504A3A3B1DF924D300EA46A9 /* ShareViewController.xib in Resources */,
			);
			runOnlyForDeploymentPostprocessing = 0;
		};
		502C7F481DF0E4D5004E70AB /* Resources */ = {
			isa = PBXResourcesBuildPhase;
			buildActionMask = 2147483647;
			files = (
				502C7F541DF0E4D5004E70AB /* ShareViewController.xib in Resources */,
				502C7F4E1DF0E4D5004E70AB /* icon.icns in Resources */,
			);
			runOnlyForDeploymentPostprocessing = 0;
		};
		506A3F021DD6C10C00A5656E /* Resources */ = {
			isa = PBXResourcesBuildPhase;
			buildActionMask = 2147483647;
			files = (
				506A3F0A1DD6C10D00A5656E /* Assets.xcassets in Resources */,
				502D55951E42C1AB0074AFCF /* MainWindowController.xib in Resources */,
				5097166F1E3ED5AC00FC12A2 /* TagAddRemoveViewController.xib in Resources */,
				509716751E3ED78700FC12A2 /* WebBrowserWindowController.xib in Resources */,
				506A3F0D1DD6C10D00A5656E /* MainMenu.xib in Resources */,
				509716701E3ED5AC00FC12A2 /* TagCreateViewController.xib in Resources */,
				509716681E3ED2DE00FC12A2 /* PreferencesWindowController.xib in Resources */,
				509E027C1E42C30800B4D08D /* ContentListViewController.xib in Resources */,
				509E027A1E42C2E300B4D08D /* SourceListViewController.xib in Resources */,
			);
			runOnlyForDeploymentPostprocessing = 0;
		};
/* End PBXResourcesBuildPhase section */

/* Begin PBXShellScriptBuildPhase section */
		024683F387A129D5EA4C40F2 /* [CP] Check Pods Manifest.lock */ = {
			isa = PBXShellScriptBuildPhase;
			buildActionMask = 2147483647;
			files = (
			);
			inputPaths = (
				"${PODS_PODFILE_DIR_PATH}/Podfile.lock",
				"${PODS_ROOT}/Manifest.lock",
			);
			name = "[CP] Check Pods Manifest.lock";
			outputPaths = (
				"$(DERIVED_FILE_DIR)/Pods-Hipstapaper_app_iOS-checkManifestLockResult.txt",
			);
			runOnlyForDeploymentPostprocessing = 0;
			shellPath = /bin/sh;
			shellScript = "diff \"${PODS_PODFILE_DIR_PATH}/Podfile.lock\" \"${PODS_ROOT}/Manifest.lock\" > /dev/null\nif [ $? != 0 ] ; then\n    # print error to STDERR\n    echo \"error: The sandbox is not in sync with the Podfile.lock. Run 'pod install' or update your CocoaPods installation.\" >&2\n    exit 1\nfi\n# This output is used by Xcode 'outputs' to avoid re-running this script phase.\necho \"SUCCESS\" > \"${SCRIPT_OUTPUT_FILE_0}\"\n";
			showEnvVarsInLog = 0;
		};
		2B8EA3505BE619E121CC55CD /* [CP] Embed Pods Frameworks */ = {
			isa = PBXShellScriptBuildPhase;
			buildActionMask = 2147483647;
			files = (
			);
			inputPaths = (
				"${PODS_ROOT}/Target Support Files/Pods-Hipstapaper_app_macOS/Pods-Hipstapaper_app_macOS-frameworks.sh",
				"${BUILT_PRODUCTS_DIR}/Aspects/Aspects.framework",
				"${BUILT_PRODUCTS_DIR}/Common-macOS/Common.framework",
				"${BUILT_PRODUCTS_DIR}/Realm-macOS/Realm.framework",
				"${BUILT_PRODUCTS_DIR}/RealmSwift-macOS/RealmSwift.framework",
			);
			name = "[CP] Embed Pods Frameworks";
			outputPaths = (
				"${TARGET_BUILD_DIR}/${FRAMEWORKS_FOLDER_PATH}/Aspects.framework",
				"${TARGET_BUILD_DIR}/${FRAMEWORKS_FOLDER_PATH}/Common.framework",
				"${TARGET_BUILD_DIR}/${FRAMEWORKS_FOLDER_PATH}/Realm.framework",
				"${TARGET_BUILD_DIR}/${FRAMEWORKS_FOLDER_PATH}/RealmSwift.framework",
			);
			runOnlyForDeploymentPostprocessing = 0;
			shellPath = /bin/sh;
			shellScript = "\"${PODS_ROOT}/Target Support Files/Pods-Hipstapaper_app_macOS/Pods-Hipstapaper_app_macOS-frameworks.sh\"\n";
			showEnvVarsInLog = 0;
		};
		50A22B2E1E688896005C9733 /* Swift Lint */ = {
			isa = PBXShellScriptBuildPhase;
			buildActionMask = 2147483647;
			files = (
			);
			inputPaths = (
			);
			name = "Swift Lint";
			outputPaths = (
			);
			runOnlyForDeploymentPostprocessing = 0;
			shellPath = /bin/sh;
			shellScript = "if which swiftlint >/dev/null; then\n    swiftlint\nelse\n    echo \"warning: SwiftLint not installed, 'brew install swiftlint', download from https://github.com/realm/SwiftLint\"\nfi";
		};
		61647C069520BF1D30044FEC /* [CP] Check Pods Manifest.lock */ = {
			isa = PBXShellScriptBuildPhase;
			buildActionMask = 2147483647;
			files = (
			);
			inputPaths = (
				"${PODS_PODFILE_DIR_PATH}/Podfile.lock",
				"${PODS_ROOT}/Manifest.lock",
			);
			name = "[CP] Check Pods Manifest.lock";
			outputPaths = (
				"$(DERIVED_FILE_DIR)/Pods-Hipstapaper_share_iOS-checkManifestLockResult.txt",
			);
			runOnlyForDeploymentPostprocessing = 0;
			shellPath = /bin/sh;
			shellScript = "diff \"${PODS_PODFILE_DIR_PATH}/Podfile.lock\" \"${PODS_ROOT}/Manifest.lock\" > /dev/null\nif [ $? != 0 ] ; then\n    # print error to STDERR\n    echo \"error: The sandbox is not in sync with the Podfile.lock. Run 'pod install' or update your CocoaPods installation.\" >&2\n    exit 1\nfi\n# This output is used by Xcode 'outputs' to avoid re-running this script phase.\necho \"SUCCESS\" > \"${SCRIPT_OUTPUT_FILE_0}\"\n";
			showEnvVarsInLog = 0;
		};
		8CAE8324B5FBB063EC6265D2 /* [CP] Embed Pods Frameworks */ = {
			isa = PBXShellScriptBuildPhase;
			buildActionMask = 2147483647;
			files = (
			);
			inputPaths = (
				"${PODS_ROOT}/Target Support Files/Pods-Hipstapaper_app_iOS/Pods-Hipstapaper_app_iOS-frameworks.sh",
				"${BUILT_PRODUCTS_DIR}/Common-iOS/Common.framework",
				"${BUILT_PRODUCTS_DIR}/Realm-iOS/Realm.framework",
				"${BUILT_PRODUCTS_DIR}/RealmSwift-iOS/RealmSwift.framework",
			);
			name = "[CP] Embed Pods Frameworks";
			outputPaths = (
				"${TARGET_BUILD_DIR}/${FRAMEWORKS_FOLDER_PATH}/Common.framework",
				"${TARGET_BUILD_DIR}/${FRAMEWORKS_FOLDER_PATH}/Realm.framework",
				"${TARGET_BUILD_DIR}/${FRAMEWORKS_FOLDER_PATH}/RealmSwift.framework",
			);
			runOnlyForDeploymentPostprocessing = 0;
			shellPath = /bin/sh;
			shellScript = "\"${PODS_ROOT}/Target Support Files/Pods-Hipstapaper_app_iOS/Pods-Hipstapaper_app_iOS-frameworks.sh\"\n";
			showEnvVarsInLog = 0;
		};
		9D9E09560BCBC44421F10655 /* [CP] Check Pods Manifest.lock */ = {
			isa = PBXShellScriptBuildPhase;
			buildActionMask = 2147483647;
			files = (
			);
			inputPaths = (
				"${PODS_PODFILE_DIR_PATH}/Podfile.lock",
				"${PODS_ROOT}/Manifest.lock",
			);
			name = "[CP] Check Pods Manifest.lock";
			outputPaths = (
				"$(DERIVED_FILE_DIR)/Pods-Hipstapaper_app_macOS-checkManifestLockResult.txt",
			);
			runOnlyForDeploymentPostprocessing = 0;
			shellPath = /bin/sh;
			shellScript = "diff \"${PODS_PODFILE_DIR_PATH}/Podfile.lock\" \"${PODS_ROOT}/Manifest.lock\" > /dev/null\nif [ $? != 0 ] ; then\n    # print error to STDERR\n    echo \"error: The sandbox is not in sync with the Podfile.lock. Run 'pod install' or update your CocoaPods installation.\" >&2\n    exit 1\nfi\n# This output is used by Xcode 'outputs' to avoid re-running this script phase.\necho \"SUCCESS\" > \"${SCRIPT_OUTPUT_FILE_0}\"\n";
			showEnvVarsInLog = 0;
		};
		F15F8C1F15B429C042964E02 /* [CP] Check Pods Manifest.lock */ = {
			isa = PBXShellScriptBuildPhase;
			buildActionMask = 2147483647;
			files = (
			);
			inputPaths = (
				"${PODS_PODFILE_DIR_PATH}/Podfile.lock",
				"${PODS_ROOT}/Manifest.lock",
			);
			name = "[CP] Check Pods Manifest.lock";
			outputPaths = (
				"$(DERIVED_FILE_DIR)/Pods-Hipstapaper_share_macOS-checkManifestLockResult.txt",
			);
			runOnlyForDeploymentPostprocessing = 0;
			shellPath = /bin/sh;
			shellScript = "diff \"${PODS_PODFILE_DIR_PATH}/Podfile.lock\" \"${PODS_ROOT}/Manifest.lock\" > /dev/null\nif [ $? != 0 ] ; then\n    # print error to STDERR\n    echo \"error: The sandbox is not in sync with the Podfile.lock. Run 'pod install' or update your CocoaPods installation.\" >&2\n    exit 1\nfi\n# This output is used by Xcode 'outputs' to avoid re-running this script phase.\necho \"SUCCESS\" > \"${SCRIPT_OUTPUT_FILE_0}\"\n";
			showEnvVarsInLog = 0;
		};
/* End PBXShellScriptBuildPhase section */

/* Begin PBXSourcesBuildPhase section */
		5005E1171DF4CB8300BA38E6 /* Sources */ = {
			isa = PBXSourcesBuildPhase;
			buildActionMask = 2147483647;
			files = (
				50F832BF1E371EA90008921B /* TagAddRemoveTableViewCell.swift in Sources */,
				50F8329E1E371D4D0008921B /* LoginViewController.swift in Sources */,
				50F832C11E371EA90008921B /* TagAddRemoveViewController.swift in Sources */,
				50F832A61E371D900008921B /* ContentListViewController.swift in Sources */,
				5005E11E1DF4CB8300BA38E6 /* AppDelegate.swift in Sources */,
				50841AFC1E21B7AC008621BB /* FrameworkExtensions.swift in Sources */,
				50F832AA1E371D900008921B /* MainSplitViewController.swift in Sources */,
				50F8329F1E371D4D0008921B /* LoginTextFieldTableViewCell.swift in Sources */,
				50F832B81E371E720008921B /* ContentTableViewCell.swift in Sources */,
				509716791E3ED9D400FC12A2 /* WebBrowserViewController.swift in Sources */,
				50F8329C1E371D4D0008921B /* LoggedInViewController.swift in Sources */,
				50F832A81E371D900008921B /* SourceListViewController.swift in Sources */,
				50F832B31E371E360008921B /* SortSelectingViewController.swift in Sources */,
			);
			runOnlyForDeploymentPostprocessing = 0;
		};
		5005E13B1DF4CC2600BA38E6 /* Sources */ = {
			isa = PBXSourcesBuildPhase;
			buildActionMask = 2147483647;
			files = (
				50088A4D1E062A2500D6AAED /* ShareViewController.swift in Sources */,
			);
			runOnlyForDeploymentPostprocessing = 0;
		};
		502C7F461DF0E4D5004E70AB /* Sources */ = {
			isa = PBXSourcesBuildPhase;
			buildActionMask = 2147483647;
			files = (
				505B79BF1E0B924C007BB364 /* ShareViewController.swift in Sources */,
			);
			runOnlyForDeploymentPostprocessing = 0;
		};
		506A3F001DD6C10C00A5656E /* Sources */ = {
			isa = PBXSourcesBuildPhase;
			buildActionMask = 2147483647;
			files = (
				506A3F081DD6C10C00A5656E /* AppDelegate.swift in Sources */,
				5078B8131E43FE9400AA35E6 /* LoadingIndicatorViewController.swift in Sources */,
				509716661E3ED2DE00FC12A2 /* LoginViewController.swift in Sources */,
				5097166E1E3ED5AC00FC12A2 /* TagCreateViewController.swift in Sources */,
				5085A1671E342A4700F8EC34 /* ContentListViewController.swift in Sources */,
				5085A1661E342A4700F8EC34 /* MainWindowController.swift in Sources */,
				509716651E3ED2DE00FC12A2 /* LoggedInViewController.swift in Sources */,
				509716761E3ED78700FC12A2 /* WebBrowserCreator.swift in Sources */,
				5085A15F1E3429D800F8EC34 /* ValidatingToolbar.swift in Sources */,
				5097167B1E3EDAB600FC12A2 /* MenuController.swift in Sources */,
				5085A15E1E3429D800F8EC34 /* AppleInterfaceStyleWindowAppearanceSwitcher.swift in Sources */,
				509716741E3ED78700FC12A2 /* WebBrowserWindowController.swift in Sources */,
				5055515F1E1AD8BC006E2A3B /* FrameworkExtensions.swift in Sources */,
				5085A1681E342A4700F8EC34 /* SourceListViewController.swift in Sources */,
				501B332C1E4595150073A8AC /* WebBrowserDelegate.swift in Sources */,
				506AD7E31E4F9F9400537F61 /* QuickLookPanelController.swift in Sources */,
				509716671E3ED2DE00FC12A2 /* PreferencesWindowController.swift in Sources */,
				5097167D1E3EDADE00FC12A2 /* MainWindowCreator.swift in Sources */,
				507C49C71F2CF8B200931269 /* LocalViewController.swift in Sources */,
				5097166D1E3ED5AC00FC12A2 /* TagAddRemoveViewController.swift in Sources */,
				50F832AE1E371DFE0008921B /* SortSelectingViewController.swift in Sources */,
			);
			runOnlyForDeploymentPostprocessing = 0;
		};
/* End PBXSourcesBuildPhase section */

/* Begin PBXTargetDependency section */
		5005E1481DF4CC2600BA38E6 /* PBXTargetDependency */ = {
			isa = PBXTargetDependency;
			target = 5005E13E1DF4CC2600BA38E6 /* Hipstapaper_share_iOS */;
			targetProxy = 5005E1471DF4CC2600BA38E6 /* PBXContainerItemProxy */;
		};
		502C7F571DF0E4D5004E70AB /* PBXTargetDependency */ = {
			isa = PBXTargetDependency;
			target = 502C7F491DF0E4D5004E70AB /* Hipstapaper_share_macOS */;
			targetProxy = 502C7F561DF0E4D5004E70AB /* PBXContainerItemProxy */;
		};
/* End PBXTargetDependency section */

/* Begin PBXVariantGroup section */
		5005E1261DF4CB8300BA38E6 /* LaunchScreen.storyboard */ = {
			isa = PBXVariantGroup;
			children = (
				5005E1271DF4CB8300BA38E6 /* Base */,
			);
			name = LaunchScreen.storyboard;
			sourceTree = "<group>";
		};
		502C7F521DF0E4D5004E70AB /* ShareViewController.xib */ = {
			isa = PBXVariantGroup;
			children = (
				502C7F531DF0E4D5004E70AB /* Base */,
			);
			name = ShareViewController.xib;
			sourceTree = "<group>";
		};
		506A3F0B1DD6C10D00A5656E /* MainMenu.xib */ = {
			isa = PBXVariantGroup;
			children = (
				506A3F0C1DD6C10D00A5656E /* Base */,
			);
			name = MainMenu.xib;
			sourceTree = "<group>";
		};
/* End PBXVariantGroup section */

/* Begin XCBuildConfiguration section */
		5005E1351DF4CB8300BA38E6 /* Debug */ = {
			isa = XCBuildConfiguration;
			baseConfigurationReference = B3BF324B189FB3EE1ADB695B /* Pods-Hipstapaper_app_iOS.debug.xcconfig */;
			buildSettings = {
				ASSETCATALOG_COMPILER_APPICON_NAME = AppIcon;
				CODE_SIGN_ENTITLEMENTS = Hipstapaper_app_iOS/Hipstapaper_app_iOS.entitlements;
				"CODE_SIGN_IDENTITY[sdk=iphoneos*]" = "iPhone Developer";
				DEVELOPMENT_TEAM = V6ESYGU6CV;
				INFOPLIST_FILE = Hipstapaper_app_iOS/Info.plist;
				IPHONEOS_DEPLOYMENT_TARGET = 11.0;
				LD_RUNPATH_SEARCH_PATHS = "$(inherited) @executable_path/Frameworks";
				PRODUCT_BUNDLE_IDENTIFIER = com.saturdayapps.HipstapaperApp;
				PRODUCT_NAME = Hipstapaper;
				SDKROOT = iphoneos;
				SWIFT_VERSION = 5.0;
				TARGETED_DEVICE_FAMILY = "1,2";
			};
			name = Debug;
		};
		5005E1361DF4CB8300BA38E6 /* Release */ = {
			isa = XCBuildConfiguration;
			baseConfigurationReference = C73D4ECF6D57204684DFB2F8 /* Pods-Hipstapaper_app_iOS.release.xcconfig */;
			buildSettings = {
				ASSETCATALOG_COMPILER_APPICON_NAME = AppIcon;
				CODE_SIGN_ENTITLEMENTS = Hipstapaper_app_iOS/Hipstapaper_app_iOS.entitlements;
				"CODE_SIGN_IDENTITY[sdk=iphoneos*]" = "iPhone Developer";
				DEVELOPMENT_TEAM = V6ESYGU6CV;
				INFOPLIST_FILE = Hipstapaper_app_iOS/Info.plist;
				IPHONEOS_DEPLOYMENT_TARGET = 11.0;
				LD_RUNPATH_SEARCH_PATHS = "$(inherited) @executable_path/Frameworks";
				PRODUCT_BUNDLE_IDENTIFIER = com.saturdayapps.HipstapaperApp;
				PRODUCT_NAME = Hipstapaper;
				SDKROOT = iphoneos;
				SWIFT_VERSION = 5.0;
				TARGETED_DEVICE_FAMILY = "1,2";
				VALIDATE_PRODUCT = YES;
			};
			name = Release;
		};
		5005E14B1DF4CC2600BA38E6 /* Debug */ = {
			isa = XCBuildConfiguration;
			baseConfigurationReference = 96E8707AB89530E913E8DA44 /* Pods-Hipstapaper_share_iOS.debug.xcconfig */;
			buildSettings = {
				CLANG_ENABLE_MODULES = YES;
				CODE_SIGN_ENTITLEMENTS = Hipstapaper_share_iOS/Hipstapaper_share_iOS.entitlements;
				"CODE_SIGN_IDENTITY[sdk=iphoneos*]" = "iPhone Developer";
				DEVELOPMENT_TEAM = V6ESYGU6CV;
				INFOPLIST_FILE = Hipstapaper_share_iOS/Info.plist;
				IPHONEOS_DEPLOYMENT_TARGET = 11.0;
				LD_RUNPATH_SEARCH_PATHS = "$(inherited) @executable_path/Frameworks @executable_path/../../Frameworks";
				PRODUCT_BUNDLE_IDENTIFIER = com.saturdayapps.HipstapaperApp.share;
				PRODUCT_NAME = "$(TARGET_NAME)";
				SDKROOT = iphoneos;
				SKIP_INSTALL = YES;
				SWIFT_OPTIMIZATION_LEVEL = "-Onone";
				SWIFT_VERSION = 5.0;
			};
			name = Debug;
		};
		5005E14C1DF4CC2600BA38E6 /* Release */ = {
			isa = XCBuildConfiguration;
			baseConfigurationReference = E00C7EEAE51BE51BE313273F /* Pods-Hipstapaper_share_iOS.release.xcconfig */;
			buildSettings = {
				CLANG_ENABLE_MODULES = YES;
				CODE_SIGN_ENTITLEMENTS = Hipstapaper_share_iOS/Hipstapaper_share_iOS.entitlements;
				"CODE_SIGN_IDENTITY[sdk=iphoneos*]" = "iPhone Developer";
				DEVELOPMENT_TEAM = V6ESYGU6CV;
				INFOPLIST_FILE = Hipstapaper_share_iOS/Info.plist;
				IPHONEOS_DEPLOYMENT_TARGET = 11.0;
				LD_RUNPATH_SEARCH_PATHS = "$(inherited) @executable_path/Frameworks @executable_path/../../Frameworks";
				PRODUCT_BUNDLE_IDENTIFIER = com.saturdayapps.HipstapaperApp.share;
				PRODUCT_NAME = "$(TARGET_NAME)";
				SDKROOT = iphoneos;
				SKIP_INSTALL = YES;
				SWIFT_VERSION = 5.0;
				VALIDATE_PRODUCT = YES;
			};
			name = Release;
		};
		502C7F591DF0E4D5004E70AB /* Debug */ = {
			isa = XCBuildConfiguration;
			baseConfigurationReference = 5F54888A6DD3B257C9590AEA /* Pods-Hipstapaper_share_macOS.debug.xcconfig */;
			buildSettings = {
				CLANG_ENABLE_MODULES = YES;
				CODE_SIGN_ENTITLEMENTS = Hipstapaper_share_macOS/Hipstapaper_share_macOS.entitlements;
				CODE_SIGN_IDENTITY = "Mac Developer";
				COMBINE_HIDPI_IMAGES = YES;
				DEVELOPMENT_TEAM = V6ESYGU6CV;
				FRAMEWORK_SEARCH_PATHS = (
					"$(inherited)",
					"\"$PODS_CONFIGURATION_BUILD_DIR/Common-OSX\"",
					"\"$PODS_CONFIGURATION_BUILD_DIR/Realm-OSX\"",
					"\"$PODS_CONFIGURATION_BUILD_DIR/RealmSwift-OSX\"",
				);
				INFOPLIST_FILE = Hipstapaper_share_macOS/Info.plist;
				LD_RUNPATH_SEARCH_PATHS = "$(inherited) @executable_path/../Frameworks @executable_path/../../../../Frameworks";
				MACOSX_DEPLOYMENT_TARGET = 10.11;
				PRODUCT_BUNDLE_IDENTIFIER = com.saturdayapps.Hipstapaper.share;
				PRODUCT_NAME = "$(TARGET_NAME)";
				SKIP_INSTALL = YES;
				SWIFT_OPTIMIZATION_LEVEL = "-Onone";
				SWIFT_SWIFT3_OBJC_INFERENCE = Off;
				SWIFT_VERSION = 4.0;
			};
			name = Debug;
		};
		502C7F5A1DF0E4D5004E70AB /* Release */ = {
			isa = XCBuildConfiguration;
			baseConfigurationReference = 9F39DF42A44AA2B4AB4AAE3A /* Pods-Hipstapaper_share_macOS.release.xcconfig */;
			buildSettings = {
				CLANG_ENABLE_MODULES = YES;
				CODE_SIGN_ENTITLEMENTS = Hipstapaper_share_macOS/Hipstapaper_share_macOS.entitlements;
				CODE_SIGN_IDENTITY = "Mac Developer";
				COMBINE_HIDPI_IMAGES = YES;
				DEVELOPMENT_TEAM = V6ESYGU6CV;
				FRAMEWORK_SEARCH_PATHS = (
					"$(inherited)",
					"\"$PODS_CONFIGURATION_BUILD_DIR/Common-OSX\"",
					"\"$PODS_CONFIGURATION_BUILD_DIR/Realm-OSX\"",
					"\"$PODS_CONFIGURATION_BUILD_DIR/RealmSwift-OSX\"",
					"${BUILT_PRODUCTS_DIR}/${FRAMEWORKS_FOLDER_PATH}/",
				);
				INFOPLIST_FILE = Hipstapaper_share_macOS/Info.plist;
				LD_RUNPATH_SEARCH_PATHS = "$(inherited) @executable_path/../Frameworks @executable_path/../../../../Frameworks";
				MACOSX_DEPLOYMENT_TARGET = 10.11;
				PRODUCT_BUNDLE_IDENTIFIER = com.saturdayapps.Hipstapaper.share;
				PRODUCT_NAME = "$(TARGET_NAME)";
				SKIP_INSTALL = YES;
				SWIFT_SWIFT3_OBJC_INFERENCE = Off;
				SWIFT_VERSION = 4.0;
			};
			name = Release;
		};
		506A3F0F1DD6C10D00A5656E /* Debug */ = {
			isa = XCBuildConfiguration;
			buildSettings = {
				ALWAYS_SEARCH_USER_PATHS = NO;
				CLANG_ANALYZER_NONNULL = YES;
				CLANG_CXX_LANGUAGE_STANDARD = "gnu++0x";
				CLANG_CXX_LIBRARY = "libc++";
				CLANG_ENABLE_MODULES = YES;
				CLANG_ENABLE_OBJC_ARC = YES;
				CLANG_WARN_BLOCK_CAPTURE_AUTORELEASING = YES;
				CLANG_WARN_BOOL_CONVERSION = YES;
				CLANG_WARN_COMMA = YES;
				CLANG_WARN_CONSTANT_CONVERSION = YES;
				CLANG_WARN_DIRECT_OBJC_ISA_USAGE = YES_ERROR;
				CLANG_WARN_DOCUMENTATION_COMMENTS = YES;
				CLANG_WARN_EMPTY_BODY = YES;
				CLANG_WARN_ENUM_CONVERSION = YES;
				CLANG_WARN_INFINITE_RECURSION = YES;
				CLANG_WARN_INT_CONVERSION = YES;
				CLANG_WARN_NON_LITERAL_NULL_CONVERSION = YES;
				CLANG_WARN_OBJC_LITERAL_CONVERSION = YES;
				CLANG_WARN_OBJC_ROOT_CLASS = YES_ERROR;
				CLANG_WARN_RANGE_LOOP_ANALYSIS = YES;
				CLANG_WARN_STRICT_PROTOTYPES = YES;
				CLANG_WARN_SUSPICIOUS_MOVE = YES;
				CLANG_WARN_UNREACHABLE_CODE = YES;
				CLANG_WARN__DUPLICATE_METHOD_MATCH = YES;
				CODE_SIGN_IDENTITY = "-";
				COPY_PHASE_STRIP = NO;
				DEBUG_INFORMATION_FORMAT = dwarf;
				ENABLE_STRICT_OBJC_MSGSEND = YES;
				ENABLE_TESTABILITY = YES;
				GCC_C_LANGUAGE_STANDARD = gnu99;
				GCC_DYNAMIC_NO_PIC = NO;
				GCC_NO_COMMON_BLOCKS = YES;
				GCC_OPTIMIZATION_LEVEL = 0;
				GCC_PREPROCESSOR_DEFINITIONS = (
					"DEBUG=1",
					"$(inherited)",
				);
				GCC_WARN_64_TO_32_BIT_CONVERSION = YES;
				GCC_WARN_ABOUT_RETURN_TYPE = YES_ERROR;
				GCC_WARN_UNDECLARED_SELECTOR = YES;
				GCC_WARN_UNINITIALIZED_AUTOS = YES_AGGRESSIVE;
				GCC_WARN_UNUSED_FUNCTION = YES;
				GCC_WARN_UNUSED_VARIABLE = YES;
				MTL_ENABLE_DEBUG_INFO = YES;
				ONLY_ACTIVE_ARCH = YES;
				SDKROOT = macosx;
				SWIFT_ACTIVE_COMPILATION_CONDITIONS = DEBUG;
				SWIFT_OPTIMIZATION_LEVEL = "-Onone";
			};
			name = Debug;
		};
		506A3F101DD6C10D00A5656E /* Release */ = {
			isa = XCBuildConfiguration;
			buildSettings = {
				ALWAYS_SEARCH_USER_PATHS = NO;
				CLANG_ANALYZER_NONNULL = YES;
				CLANG_CXX_LANGUAGE_STANDARD = "gnu++0x";
				CLANG_CXX_LIBRARY = "libc++";
				CLANG_ENABLE_MODULES = YES;
				CLANG_ENABLE_OBJC_ARC = YES;
				CLANG_WARN_BLOCK_CAPTURE_AUTORELEASING = YES;
				CLANG_WARN_BOOL_CONVERSION = YES;
				CLANG_WARN_COMMA = YES;
				CLANG_WARN_CONSTANT_CONVERSION = YES;
				CLANG_WARN_DIRECT_OBJC_ISA_USAGE = YES_ERROR;
				CLANG_WARN_DOCUMENTATION_COMMENTS = YES;
				CLANG_WARN_EMPTY_BODY = YES;
				CLANG_WARN_ENUM_CONVERSION = YES;
				CLANG_WARN_INFINITE_RECURSION = YES;
				CLANG_WARN_INT_CONVERSION = YES;
				CLANG_WARN_NON_LITERAL_NULL_CONVERSION = YES;
				CLANG_WARN_OBJC_LITERAL_CONVERSION = YES;
				CLANG_WARN_OBJC_ROOT_CLASS = YES_ERROR;
				CLANG_WARN_RANGE_LOOP_ANALYSIS = YES;
				CLANG_WARN_STRICT_PROTOTYPES = YES;
				CLANG_WARN_SUSPICIOUS_MOVE = YES;
				CLANG_WARN_UNREACHABLE_CODE = YES;
				CLANG_WARN__DUPLICATE_METHOD_MATCH = YES;
				CODE_SIGN_IDENTITY = "-";
				COPY_PHASE_STRIP = NO;
				DEBUG_INFORMATION_FORMAT = "dwarf-with-dsym";
				ENABLE_NS_ASSERTIONS = NO;
				ENABLE_STRICT_OBJC_MSGSEND = YES;
				GCC_C_LANGUAGE_STANDARD = gnu99;
				GCC_NO_COMMON_BLOCKS = YES;
				GCC_WARN_64_TO_32_BIT_CONVERSION = YES;
				GCC_WARN_ABOUT_RETURN_TYPE = YES_ERROR;
				GCC_WARN_UNDECLARED_SELECTOR = YES;
				GCC_WARN_UNINITIALIZED_AUTOS = YES_AGGRESSIVE;
				GCC_WARN_UNUSED_FUNCTION = YES;
				GCC_WARN_UNUSED_VARIABLE = YES;
				MTL_ENABLE_DEBUG_INFO = NO;
				SDKROOT = macosx;
				SWIFT_OPTIMIZATION_LEVEL = "-Owholemodule";
			};
			name = Release;
		};
		506A3F121DD6C10D00A5656E /* Debug */ = {
			isa = XCBuildConfiguration;
			baseConfigurationReference = B489707E520576F24F4CC22E /* Pods-Hipstapaper_app_macOS.debug.xcconfig */;
			buildSettings = {
				ASSETCATALOG_COMPILER_APPICON_NAME = AppIcon;
				CODE_SIGN_ENTITLEMENTS = Hipstapaper_app_macOS/Hipstapaper_app_macOS.entitlements;
				CODE_SIGN_IDENTITY = "Mac Developer";
				COMBINE_HIDPI_IMAGES = YES;
				DEVELOPMENT_TEAM = V6ESYGU6CV;
				INFOPLIST_FILE = "$(SRCROOT)/Hipstapaper_app_macOS/Info.plist";
				LD_RUNPATH_SEARCH_PATHS = "$(inherited) @executable_path/../Frameworks";
				MACOSX_DEPLOYMENT_TARGET = 10.11;
				OTHER_SWIFT_FLAGS = "$(inherited) \"-D\" \"COCOAPODS\" -D DEBUG";
				PRODUCT_BUNDLE_IDENTIFIER = com.saturdayapps.Hipstapaper;
				PRODUCT_NAME = Hipstapaper;
				SWIFT_SWIFT3_OBJC_INFERENCE = Off;
				SWIFT_VERSION = 4.0;
			};
			name = Debug;
		};
		506A3F131DD6C10D00A5656E /* Release */ = {
			isa = XCBuildConfiguration;
			baseConfigurationReference = 1D1A8445A7F071F7AD60F187 /* Pods-Hipstapaper_app_macOS.release.xcconfig */;
			buildSettings = {
				ASSETCATALOG_COMPILER_APPICON_NAME = AppIcon;
				CODE_SIGN_ENTITLEMENTS = Hipstapaper_app_macOS/Hipstapaper_app_macOS.entitlements;
				CODE_SIGN_IDENTITY = "Mac Developer";
				COMBINE_HIDPI_IMAGES = YES;
				DEVELOPMENT_TEAM = V6ESYGU6CV;
				INFOPLIST_FILE = "$(SRCROOT)/Hipstapaper_app_macOS/Info.plist";
				LD_RUNPATH_SEARCH_PATHS = "$(inherited) @executable_path/../Frameworks";
				MACOSX_DEPLOYMENT_TARGET = 10.11;
				OTHER_SWIFT_FLAGS = "$(inherited) \"-D\" \"COCOAPODS\"";
				PRODUCT_BUNDLE_IDENTIFIER = com.saturdayapps.Hipstapaper;
				PRODUCT_NAME = Hipstapaper;
				SWIFT_SWIFT3_OBJC_INFERENCE = Off;
				SWIFT_VERSION = 4.0;
			};
			name = Release;
		};
/* End XCBuildConfiguration section */

/* Begin XCConfigurationList section */
		5005E1391DF4CB8300BA38E6 /* Build configuration list for PBXNativeTarget "Hipstapaper_app_iOS" */ = {
			isa = XCConfigurationList;
			buildConfigurations = (
				5005E1351DF4CB8300BA38E6 /* Debug */,
				5005E1361DF4CB8300BA38E6 /* Release */,
			);
			defaultConfigurationIsVisible = 0;
			defaultConfigurationName = Release;
		};
		5005E14A1DF4CC2600BA38E6 /* Build configuration list for PBXNativeTarget "Hipstapaper_share_iOS" */ = {
			isa = XCConfigurationList;
			buildConfigurations = (
				5005E14B1DF4CC2600BA38E6 /* Debug */,
				5005E14C1DF4CC2600BA38E6 /* Release */,
			);
			defaultConfigurationIsVisible = 0;
			defaultConfigurationName = Release;
		};
		502C7F5B1DF0E4D5004E70AB /* Build configuration list for PBXNativeTarget "Hipstapaper_share_macOS" */ = {
			isa = XCConfigurationList;
			buildConfigurations = (
				502C7F591DF0E4D5004E70AB /* Debug */,
				502C7F5A1DF0E4D5004E70AB /* Release */,
			);
			defaultConfigurationIsVisible = 0;
			defaultConfigurationName = Release;
		};
		506A3EFF1DD6C10C00A5656E /* Build configuration list for PBXProject "Hipstapaper" */ = {
			isa = XCConfigurationList;
			buildConfigurations = (
				506A3F0F1DD6C10D00A5656E /* Debug */,
				506A3F101DD6C10D00A5656E /* Release */,
			);
			defaultConfigurationIsVisible = 0;
			defaultConfigurationName = Release;
		};
		506A3F111DD6C10D00A5656E /* Build configuration list for PBXNativeTarget "Hipstapaper_app_macOS" */ = {
			isa = XCConfigurationList;
			buildConfigurations = (
				506A3F121DD6C10D00A5656E /* Debug */,
				506A3F131DD6C10D00A5656E /* Release */,
			);
			defaultConfigurationIsVisible = 0;
			defaultConfigurationName = Release;
		};
/* End XCConfigurationList section */
	};
	rootObject = 506A3EFC1DD6C10C00A5656E /* Project object */;
}
