// !$*UTF8*$!
{
	archiveVersion = 1;
	classes = {
	};
	objectVersion = 46;
	objects = {

/* Begin PBXBuildFile section */
		506A3F081DD6C10C00A5656E /* AppDelegate.swift in Sources */ = {isa = PBXBuildFile; fileRef = 506A3F071DD6C10C00A5656E /* AppDelegate.swift */; };
		506A3F0A1DD6C10D00A5656E /* Assets.xcassets in Resources */ = {isa = PBXBuildFile; fileRef = 506A3F091DD6C10D00A5656E /* Assets.xcassets */; };
		506A3F0D1DD6C10D00A5656E /* MainMenu.xib in Resources */ = {isa = PBXBuildFile; fileRef = 506A3F0B1DD6C10D00A5656E /* MainMenu.xib */; };
		506A3F161DD6C2AE00A5656E /* URLListWindowController.swift in Sources */ = {isa = PBXBuildFile; fileRef = 506A3F141DD6C2AE00A5656E /* URLListWindowController.swift */; };
		506A3F171DD6C2AE00A5656E /* URLListWindowController.xib in Resources */ = {isa = PBXBuildFile; fileRef = 506A3F151DD6C2AE00A5656E /* URLListWindowController.xib */; };
		50E21BC61DD6E466005151C7 /* CloudKit.framework in Frameworks */ = {isa = PBXBuildFile; fileRef = 50E21BC51DD6E466005151C7 /* CloudKit.framework */; };
		50E21BC81DD6E721005151C7 /* URLListBindingObserver.swift in Sources */ = {isa = PBXBuildFile; fileRef = 50E21BC71DD6E721005151C7 /* URLListBindingObserver.swift */; };
		50E21BCC1DD8F2E3005151C7 /* FrameworkExtensions.swift in Sources */ = {isa = PBXBuildFile; fileRef = 50E21BCB1DD8F2E3005151C7 /* FrameworkExtensions.swift */; };
		50E21BCD1DDC281E005151C7 /* URLBindingItem.swift in Sources */ = {isa = PBXBuildFile; fileRef = 50E21BC91DD79B6A005151C7 /* URLBindingItem.swift */; };
		50E21BCF1DDC2C6F005151C7 /* CloudKitComms.swift in Sources */ = {isa = PBXBuildFile; fileRef = 50E21BCE1DDC2C6F005151C7 /* CloudKitComms.swift */; };
/* End PBXBuildFile section */

/* Begin PBXFileReference section */
		506A3F041DD6C10C00A5656E /* Hipstapaper.app */ = {isa = PBXFileReference; explicitFileType = wrapper.application; includeInIndex = 0; path = Hipstapaper.app; sourceTree = BUILT_PRODUCTS_DIR; };
		506A3F071DD6C10C00A5656E /* AppDelegate.swift */ = {isa = PBXFileReference; lastKnownFileType = sourcecode.swift; path = AppDelegate.swift; sourceTree = "<group>"; };
		506A3F091DD6C10D00A5656E /* Assets.xcassets */ = {isa = PBXFileReference; lastKnownFileType = folder.assetcatalog; path = Assets.xcassets; sourceTree = "<group>"; };
		506A3F0C1DD6C10D00A5656E /* Base */ = {isa = PBXFileReference; lastKnownFileType = file.xib; name = Base; path = Base.lproj/MainMenu.xib; sourceTree = "<group>"; };
		506A3F0E1DD6C10D00A5656E /* Info.plist */ = {isa = PBXFileReference; lastKnownFileType = text.plist.xml; path = Info.plist; sourceTree = "<group>"; };
		506A3F141DD6C2AE00A5656E /* URLListWindowController.swift */ = {isa = PBXFileReference; fileEncoding = 4; lastKnownFileType = sourcecode.swift; path = URLListWindowController.swift; sourceTree = "<group>"; };
		506A3F151DD6C2AE00A5656E /* URLListWindowController.xib */ = {isa = PBXFileReference; fileEncoding = 4; lastKnownFileType = file.xib; path = URLListWindowController.xib; sourceTree = "<group>"; };
		506D98121DD6CFFB002E4F54 /* Hipstapaper.entitlements */ = {isa = PBXFileReference; lastKnownFileType = text.plist.entitlements; path = Hipstapaper.entitlements; sourceTree = "<group>"; };
		50E21BC51DD6E466005151C7 /* CloudKit.framework */ = {isa = PBXFileReference; lastKnownFileType = wrapper.framework; name = CloudKit.framework; path = System/Library/Frameworks/CloudKit.framework; sourceTree = SDKROOT; };
		50E21BC71DD6E721005151C7 /* URLListBindingObserver.swift */ = {isa = PBXFileReference; fileEncoding = 4; lastKnownFileType = sourcecode.swift; path = URLListBindingObserver.swift; sourceTree = "<group>"; };
		50E21BC91DD79B6A005151C7 /* URLBindingItem.swift */ = {isa = PBXFileReference; fileEncoding = 4; lastKnownFileType = sourcecode.swift; path = URLBindingItem.swift; sourceTree = "<group>"; };
		50E21BCB1DD8F2E3005151C7 /* FrameworkExtensions.swift */ = {isa = PBXFileReference; fileEncoding = 4; lastKnownFileType = sourcecode.swift; path = FrameworkExtensions.swift; sourceTree = "<group>"; };
		50E21BCE1DDC2C6F005151C7 /* CloudKitComms.swift */ = {isa = PBXFileReference; fileEncoding = 4; lastKnownFileType = sourcecode.swift; path = CloudKitComms.swift; sourceTree = "<group>"; };
/* End PBXFileReference section */

/* Begin PBXFrameworksBuildPhase section */
		506A3F011DD6C10C00A5656E /* Frameworks */ = {
			isa = PBXFrameworksBuildPhase;
			buildActionMask = 2147483647;
			files = (
				50E21BC61DD6E466005151C7 /* CloudKit.framework in Frameworks */,
			);
			runOnlyForDeploymentPostprocessing = 0;
		};
/* End PBXFrameworksBuildPhase section */

/* Begin PBXGroup section */
		506A3EFB1DD6C10C00A5656E = {
			isa = PBXGroup;
			children = (
				506A3F061DD6C10C00A5656E /* Hipstapaper */,
				506A3F051DD6C10C00A5656E /* Products */,
				50E21BC41DD6E465005151C7 /* Frameworks */,
			);
			sourceTree = "<group>";
		};
		506A3F051DD6C10C00A5656E /* Products */ = {
			isa = PBXGroup;
			children = (
				506A3F041DD6C10C00A5656E /* Hipstapaper.app */,
			);
			name = Products;
			sourceTree = "<group>";
		};
		506A3F061DD6C10C00A5656E /* Hipstapaper */ = {
			isa = PBXGroup;
			children = (
				506A3F071DD6C10C00A5656E /* AppDelegate.swift */,
				50E21BCB1DD8F2E3005151C7 /* FrameworkExtensions.swift */,
				50E21BCE1DDC2C6F005151C7 /* CloudKitComms.swift */,
				50E21BC91DD79B6A005151C7 /* URLBindingItem.swift */,
				50E21BC71DD6E721005151C7 /* URLListBindingObserver.swift */,
				506A3F141DD6C2AE00A5656E /* URLListWindowController.swift */,
				506A3F151DD6C2AE00A5656E /* URLListWindowController.xib */,
				506A3F091DD6C10D00A5656E /* Assets.xcassets */,
				506A3F0B1DD6C10D00A5656E /* MainMenu.xib */,
				506A3F0E1DD6C10D00A5656E /* Info.plist */,
				506D98121DD6CFFB002E4F54 /* Hipstapaper.entitlements */,
			);
			path = Hipstapaper;
			sourceTree = "<group>";
		};
		50E21BC41DD6E465005151C7 /* Frameworks */ = {
			isa = PBXGroup;
			children = (
				50E21BC51DD6E466005151C7 /* CloudKit.framework */,
			);
			name = Frameworks;
			sourceTree = "<group>";
		};
/* End PBXGroup section */

/* Begin PBXNativeTarget section */
		506A3F031DD6C10C00A5656E /* Hipstapaper */ = {
			isa = PBXNativeTarget;
			buildConfigurationList = 506A3F111DD6C10D00A5656E /* Build configuration list for PBXNativeTarget "Hipstapaper" */;
			buildPhases = (
				506A3F001DD6C10C00A5656E /* Sources */,
				506A3F011DD6C10C00A5656E /* Frameworks */,
				506A3F021DD6C10C00A5656E /* Resources */,
			);
			buildRules = (
			);
			dependencies = (
			);
			name = Hipstapaper;
			productName = Hipstapaper;
			productReference = 506A3F041DD6C10C00A5656E /* Hipstapaper.app */;
			productType = "com.apple.product-type.application";
		};
/* End PBXNativeTarget section */

/* Begin PBXProject section */
		506A3EFC1DD6C10C00A5656E /* Project object */ = {
			isa = PBXProject;
			attributes = {
				LastSwiftUpdateCheck = 0820;
				LastUpgradeCheck = 0820;
				ORGANIZATIONNAME = "Jeffrey Bergier";
				TargetAttributes = {
					506A3F031DD6C10C00A5656E = {
						CreatedOnToolsVersion = 8.2;
						DevelopmentTeam = V6ESYGU6CV;
						ProvisioningStyle = Automatic;
						SystemCapabilities = {
							com.apple.Push = {
								enabled = 1;
							};
							com.apple.Sandbox = {
								enabled = 1;
							};
							com.apple.iCloud = {
								enabled = 1;
							};
						};
					};
				};
			};
			buildConfigurationList = 506A3EFF1DD6C10C00A5656E /* Build configuration list for PBXProject "Hipstapaper" */;
			compatibilityVersion = "Xcode 3.2";
			developmentRegion = English;
			hasScannedForEncodings = 0;
			knownRegions = (
				en,
				Base,
			);
			mainGroup = 506A3EFB1DD6C10C00A5656E;
			productRefGroup = 506A3F051DD6C10C00A5656E /* Products */;
			projectDirPath = "";
			projectRoot = "";
			targets = (
				506A3F031DD6C10C00A5656E /* Hipstapaper */,
			);
		};
/* End PBXProject section */

/* Begin PBXResourcesBuildPhase section */
		506A3F021DD6C10C00A5656E /* Resources */ = {
			isa = PBXResourcesBuildPhase;
			buildActionMask = 2147483647;
			files = (
				506A3F171DD6C2AE00A5656E /* URLListWindowController.xib in Resources */,
				506A3F0A1DD6C10D00A5656E /* Assets.xcassets in Resources */,
				506A3F0D1DD6C10D00A5656E /* MainMenu.xib in Resources */,
			);
			runOnlyForDeploymentPostprocessing = 0;
		};
/* End PBXResourcesBuildPhase section */

/* Begin PBXSourcesBuildPhase section */
		506A3F001DD6C10C00A5656E /* Sources */ = {
			isa = PBXSourcesBuildPhase;
			buildActionMask = 2147483647;
			files = (
				50E21BC81DD6E721005151C7 /* URLListBindingObserver.swift in Sources */,
				50E21BCD1DDC281E005151C7 /* URLBindingItem.swift in Sources */,
				50E21BCF1DDC2C6F005151C7 /* CloudKitComms.swift in Sources */,
				50E21BCC1DD8F2E3005151C7 /* FrameworkExtensions.swift in Sources */,
				506A3F081DD6C10C00A5656E /* AppDelegate.swift in Sources */,
				506A3F161DD6C2AE00A5656E /* URLListWindowController.swift in Sources */,
			);
			runOnlyForDeploymentPostprocessing = 0;
		};
/* End PBXSourcesBuildPhase section */

/* Begin PBXVariantGroup section */
		506A3F0B1DD6C10D00A5656E /* MainMenu.xib */ = {
			isa = PBXVariantGroup;
			children = (
				506A3F0C1DD6C10D00A5656E /* Base */,
			);
			name = MainMenu.xib;
			sourceTree = "<group>";
		};
/* End PBXVariantGroup section */

/* Begin XCBuildConfiguration section */
		506A3F0F1DD6C10D00A5656E /* Debug */ = {
			isa = XCBuildConfiguration;
			buildSettings = {
				ALWAYS_SEARCH_USER_PATHS = NO;
				CLANG_ANALYZER_NONNULL = YES;
				CLANG_CXX_LANGUAGE_STANDARD = "gnu++0x";
				CLANG_CXX_LIBRARY = "libc++";
				CLANG_ENABLE_MODULES = YES;
				CLANG_ENABLE_OBJC_ARC = YES;
				CLANG_WARN_BOOL_CONVERSION = YES;
				CLANG_WARN_CONSTANT_CONVERSION = YES;
				CLANG_WARN_DIRECT_OBJC_ISA_USAGE = YES_ERROR;
				CLANG_WARN_DOCUMENTATION_COMMENTS = YES;
				CLANG_WARN_EMPTY_BODY = YES;
				CLANG_WARN_ENUM_CONVERSION = YES;
				CLANG_WARN_INFINITE_RECURSION = YES;
				CLANG_WARN_INT_CONVERSION = YES;
				CLANG_WARN_OBJC_ROOT_CLASS = YES_ERROR;
				CLANG_WARN_SUSPICIOUS_MOVE = YES;
				CLANG_WARN_UNREACHABLE_CODE = YES;
				CLANG_WARN__DUPLICATE_METHOD_MATCH = YES;
				CODE_SIGN_IDENTITY = "-";
				COPY_PHASE_STRIP = NO;
				DEBUG_INFORMATION_FORMAT = dwarf;
				ENABLE_STRICT_OBJC_MSGSEND = YES;
				ENABLE_TESTABILITY = YES;
				GCC_C_LANGUAGE_STANDARD = gnu99;
				GCC_DYNAMIC_NO_PIC = NO;
				GCC_NO_COMMON_BLOCKS = YES;
				GCC_OPTIMIZATION_LEVEL = 0;
				GCC_PREPROCESSOR_DEFINITIONS = (
					"DEBUG=1",
					"$(inherited)",
				);
				GCC_WARN_64_TO_32_BIT_CONVERSION = YES;
				GCC_WARN_ABOUT_RETURN_TYPE = YES_ERROR;
				GCC_WARN_UNDECLARED_SELECTOR = YES;
				GCC_WARN_UNINITIALIZED_AUTOS = YES_AGGRESSIVE;
				GCC_WARN_UNUSED_FUNCTION = YES;
				GCC_WARN_UNUSED_VARIABLE = YES;
				MACOSX_DEPLOYMENT_TARGET = 10.12;
				MTL_ENABLE_DEBUG_INFO = YES;
				ONLY_ACTIVE_ARCH = YES;
				SDKROOT = macosx;
				SWIFT_ACTIVE_COMPILATION_CONDITIONS = DEBUG;
				SWIFT_OPTIMIZATION_LEVEL = "-Onone";
			};
			name = Debug;
		};
		506A3F101DD6C10D00A5656E /* Release */ = {
			isa = XCBuildConfiguration;
			buildSettings = {
				ALWAYS_SEARCH_USER_PATHS = NO;
				CLANG_ANALYZER_NONNULL = YES;
				CLANG_CXX_LANGUAGE_STANDARD = "gnu++0x";
				CLANG_CXX_LIBRARY = "libc++";
				CLANG_ENABLE_MODULES = YES;
				CLANG_ENABLE_OBJC_ARC = YES;
				CLANG_WARN_BOOL_CONVERSION = YES;
				CLANG_WARN_CONSTANT_CONVERSION = YES;
				CLANG_WARN_DIRECT_OBJC_ISA_USAGE = YES_ERROR;
				CLANG_WARN_DOCUMENTATION_COMMENTS = YES;
				CLANG_WARN_EMPTY_BODY = YES;
				CLANG_WARN_ENUM_CONVERSION = YES;
				CLANG_WARN_INFINITE_RECURSION = YES;
				CLANG_WARN_INT_CONVERSION = YES;
				CLANG_WARN_OBJC_ROOT_CLASS = YES_ERROR;
				CLANG_WARN_SUSPICIOUS_MOVE = YES;
				CLANG_WARN_UNREACHABLE_CODE = YES;
				CLANG_WARN__DUPLICATE_METHOD_MATCH = YES;
				CODE_SIGN_IDENTITY = "-";
				COPY_PHASE_STRIP = NO;
				DEBUG_INFORMATION_FORMAT = "dwarf-with-dsym";
				ENABLE_NS_ASSERTIONS = NO;
				ENABLE_STRICT_OBJC_MSGSEND = YES;
				GCC_C_LANGUAGE_STANDARD = gnu99;
				GCC_NO_COMMON_BLOCKS = YES;
				GCC_WARN_64_TO_32_BIT_CONVERSION = YES;
				GCC_WARN_ABOUT_RETURN_TYPE = YES_ERROR;
				GCC_WARN_UNDECLARED_SELECTOR = YES;
				GCC_WARN_UNINITIALIZED_AUTOS = YES_AGGRESSIVE;
				GCC_WARN_UNUSED_FUNCTION = YES;
				GCC_WARN_UNUSED_VARIABLE = YES;
				MACOSX_DEPLOYMENT_TARGET = 10.12;
				MTL_ENABLE_DEBUG_INFO = NO;
				SDKROOT = macosx;
				SWIFT_OPTIMIZATION_LEVEL = "-Owholemodule";
			};
			name = Release;
		};
		506A3F121DD6C10D00A5656E /* Debug */ = {
			isa = XCBuildConfiguration;
			buildSettings = {
				ASSETCATALOG_COMPILER_APPICON_NAME = AppIcon;
				CODE_SIGN_ENTITLEMENTS = Hipstapaper/Hipstapaper.entitlements;
				CODE_SIGN_IDENTITY = "Mac Developer";
				COMBINE_HIDPI_IMAGES = YES;
				DEVELOPMENT_TEAM = V6ESYGU6CV;
				INFOPLIST_FILE = Hipstapaper/Info.plist;
				LD_RUNPATH_SEARCH_PATHS = "$(inherited) @executable_path/../Frameworks";
				PRODUCT_BUNDLE_IDENTIFIER = com.saturdayapps.Hipstapaper;
				PRODUCT_NAME = "$(TARGET_NAME)";
				SWIFT_VERSION = 3.0;
			};
			name = Debug;
		};
		506A3F131DD6C10D00A5656E /* Release */ = {
			isa = XCBuildConfiguration;
			buildSettings = {
				ASSETCATALOG_COMPILER_APPICON_NAME = AppIcon;
				CODE_SIGN_ENTITLEMENTS = Hipstapaper/Hipstapaper.entitlements;
				CODE_SIGN_IDENTITY = "Mac Developer";
				COMBINE_HIDPI_IMAGES = YES;
				DEVELOPMENT_TEAM = V6ESYGU6CV;
				INFOPLIST_FILE = Hipstapaper/Info.plist;
				LD_RUNPATH_SEARCH_PATHS = "$(inherited) @executable_path/../Frameworks";
				PRODUCT_BUNDLE_IDENTIFIER = com.saturdayapps.Hipstapaper;
				PRODUCT_NAME = "$(TARGET_NAME)";
				SWIFT_VERSION = 3.0;
			};
			name = Release;
		};
/* End XCBuildConfiguration section */

/* Begin XCConfigurationList section */
		506A3EFF1DD6C10C00A5656E /* Build configuration list for PBXProject "Hipstapaper" */ = {
			isa = XCConfigurationList;
			buildConfigurations = (
				506A3F0F1DD6C10D00A5656E /* Debug */,
				506A3F101DD6C10D00A5656E /* Release */,
			);
			defaultConfigurationIsVisible = 0;
			defaultConfigurationName = Release;
		};
		506A3F111DD6C10D00A5656E /* Build configuration list for PBXNativeTarget "Hipstapaper" */ = {
			isa = XCConfigurationList;
			buildConfigurations = (
				506A3F121DD6C10D00A5656E /* Debug */,
				506A3F131DD6C10D00A5656E /* Release */,
			);
			defaultConfigurationIsVisible = 0;
			defaultConfigurationName = Release;
		};
/* End XCConfigurationList section */
	};
	rootObject = 506A3EFC1DD6C10C00A5656E /* Project object */;
}
