// !$*UTF8*$!
{
	archiveVersion = 1;
	classes = {
	};
	objectVersion = 54;
	objects = {

/* Begin PBXBuildFile section */
		73204B8E288CBAE7008CE527 /* V3Interface in Frameworks */ = {isa = PBXBuildFile; productRef = 73204B8D288CBAE7008CE527 /* V3Interface */; };
		73204B90288CBB0D008CE527 /* V3Interface in Frameworks */ = {isa = PBXBuildFile; productRef = 73204B8F288CBB0D008CE527 /* V3Interface */; };
		73204B92288CBB53008CE527 /* V3WebsiteEdit in Frameworks */ = {isa = PBXBuildFile; productRef = 73204B91288CBB53008CE527 /* V3WebsiteEdit */; };
		73204B94288CBB61008CE527 /* V3WebsiteEdit in Frameworks */ = {isa = PBXBuildFile; productRef = 73204B93288CBB61008CE527 /* V3WebsiteEdit */; };
		732C9B5A282DBAEF00F0B183 /* CloudKit.framework in Frameworks */ = {isa = PBXBuildFile; fileRef = 736F67A425C19979006896DF /* CloudKit.framework */; };
		7369CBFA27DC287A00871EBE /* AppDelegate.swift in Sources */ = {isa = PBXBuildFile; fileRef = 7369CBF927DC287A00871EBE /* AppDelegate.swift */; };
		7369CBFB27DC291E00871EBE /* AppDelegate.swift in Sources */ = {isa = PBXBuildFile; fileRef = 7369CBF927DC287A00871EBE /* AppDelegate.swift */; };
		736F67A325C19822006896DF /* CloudKit.framework in Frameworks */ = {isa = PBXBuildFile; fileRef = 736F67A225C19822006896DF /* CloudKit.framework */; };
		736F67A525C19979006896DF /* CloudKit.framework in Frameworks */ = {isa = PBXBuildFile; fileRef = 736F67A425C19979006896DF /* CloudKit.framework */; };
		739F03AE25A87F49001826F8 /* ShareViewController.swift in Sources */ = {isa = PBXBuildFile; fileRef = 739F03AD25A87F49001826F8 /* ShareViewController.swift */; };
		739F03B125A87F49001826F8 /* MainInterface.storyboard in Resources */ = {isa = PBXBuildFile; fileRef = 739F03AF25A87F49001826F8 /* MainInterface.storyboard */; };
		739F03B525A87F49001826F8 /* Share_iOS.appex in Embed App Extensions */ = {isa = PBXBuildFile; fileRef = 739F03AB25A87F49001826F8 /* Share_iOS.appex */; settings = {ATTRIBUTES = (RemoveHeadersOnCopy, ); }; };
		739F03CA25A87FE4001826F8 /* icon.icns in Resources */ = {isa = PBXBuildFile; fileRef = 739F03C925A87FE4001826F8 /* icon.icns */; };
		739F03CC25A87FE4001826F8 /* ShareViewController.swift in Sources */ = {isa = PBXBuildFile; fileRef = 739F03CB25A87FE4001826F8 /* ShareViewController.swift */; };
		739F03CF25A87FE4001826F8 /* ShareViewController.xib in Resources */ = {isa = PBXBuildFile; fileRef = 739F03CD25A87FE4001826F8 /* ShareViewController.xib */; };
		739F03D425A87FE4001826F8 /* Share_macOS.appex in Embed App Extensions */ = {isa = PBXBuildFile; fileRef = 739F03C725A87FE4001826F8 /* Share_macOS.appex */; settings = {ATTRIBUTES = (RemoveHeadersOnCopy, ); }; };
		73DBEC2B282ECC220091DA3C /* CloudKit.framework in Frameworks */ = {isa = PBXBuildFile; fileRef = 73DBEC2A282ECC220091DA3C /* CloudKit.framework */; };
		73DD930A25EB3B740050DBDD /* README.md in Resources */ = {isa = PBXBuildFile; fileRef = 73DD930925EB3B740050DBDD /* README.md */; };
		DBDCB369256BE8E800D005F6 /* Assets.xcassets in Resources */ = {isa = PBXBuildFile; fileRef = DBDCB33E256BE8E700D005F6 /* Assets.xcassets */; };
		DBDCB36A256BE8E800D005F6 /* Assets.xcassets in Resources */ = {isa = PBXBuildFile; fileRef = DBDCB33E256BE8E700D005F6 /* Assets.xcassets */; };
/* End PBXBuildFile section */

/* Begin PBXContainerItemProxy section */
		739F03B325A87F49001826F8 /* PBXContainerItemProxy */ = {
			isa = PBXContainerItemProxy;
			containerPortal = DBDCB337256BE8E600D005F6 /* Project object */;
			proxyType = 1;
			remoteGlobalIDString = 739F03AA25A87F49001826F8;
			remoteInfo = Share_iOS;
		};
		739F03D225A87FE4001826F8 /* PBXContainerItemProxy */ = {
			isa = PBXContainerItemProxy;
			containerPortal = DBDCB337256BE8E600D005F6 /* Project object */;
			proxyType = 1;
			remoteGlobalIDString = 739F03C625A87FE4001826F8;
			remoteInfo = Share_macOS;
		};
/* End PBXContainerItemProxy section */

/* Begin PBXCopyFilesBuildPhase section */
		739F03B625A87F49001826F8 /* Embed App Extensions */ = {
			isa = PBXCopyFilesBuildPhase;
			buildActionMask = 2147483647;
			dstPath = "";
			dstSubfolderSpec = 13;
			files = (
				739F03B525A87F49001826F8 /* Share_iOS.appex in Embed App Extensions */,
			);
			name = "Embed App Extensions";
			runOnlyForDeploymentPostprocessing = 0;
		};
		739F03D825A87FE4001826F8 /* Embed App Extensions */ = {
			isa = PBXCopyFilesBuildPhase;
			buildActionMask = 2147483647;
			dstPath = "";
			dstSubfolderSpec = 13;
			files = (
				739F03D425A87FE4001826F8 /* Share_macOS.appex in Embed App Extensions */,
			);
			name = "Embed App Extensions";
			runOnlyForDeploymentPostprocessing = 0;
		};
		DBDCB3AA256BEC5C00D005F6 /* Embed Frameworks */ = {
			isa = PBXCopyFilesBuildPhase;
			buildActionMask = 2147483647;
			dstPath = "";
			dstSubfolderSpec = 10;
			files = (
			);
			name = "Embed Frameworks";
			runOnlyForDeploymentPostprocessing = 0;
		};
		DBDCB3B4256BEC6500D005F6 /* Embed Frameworks */ = {
			isa = PBXCopyFilesBuildPhase;
			buildActionMask = 2147483647;
			dstPath = "";
			dstSubfolderSpec = 10;
			files = (
			);
			name = "Embed Frameworks";
			runOnlyForDeploymentPostprocessing = 0;
		};
/* End PBXCopyFilesBuildPhase section */

/* Begin PBXFileReference section */
		7317DF28285C6B67009DA81A /* V3Store */ = {isa = PBXFileReference; lastKnownFileType = wrapper; name = V3Store; path = Packages/V3Store; sourceTree = "<group>"; };
		7317DF29285C6B67009DA81A /* V3Interface */ = {isa = PBXFileReference; lastKnownFileType = wrapper; name = V3Interface; path = Packages/V3Interface; sourceTree = "<group>"; };
		7317DF2A285C6B67009DA81A /* V3Model */ = {isa = PBXFileReference; lastKnownFileType = wrapper; name = V3Model; path = Packages/V3Model; sourceTree = "<group>"; };
		73205DDD285CDCCC002FBDFB /* V3Style */ = {isa = PBXFileReference; lastKnownFileType = wrapper; name = V3Style; path = Packages/V3Style; sourceTree = "<group>"; };
		7369CBF927DC287A00871EBE /* AppDelegate.swift */ = {isa = PBXFileReference; lastKnownFileType = sourcecode.swift; path = AppDelegate.swift; sourceTree = "<group>"; };
		736F67A225C19822006896DF /* CloudKit.framework */ = {isa = PBXFileReference; lastKnownFileType = wrapper.framework; name = CloudKit.framework; path = Platforms/iPhoneOS.platform/Developer/SDKs/iPhoneOS14.2.sdk/System/Library/Frameworks/CloudKit.framework; sourceTree = DEVELOPER_DIR; };
		736F67A425C19979006896DF /* CloudKit.framework */ = {isa = PBXFileReference; lastKnownFileType = wrapper.framework; name = CloudKit.framework; path = System/Library/Frameworks/CloudKit.framework; sourceTree = SDKROOT; };
		737C724127DB46EA008B5969 /* V3Localize */ = {isa = PBXFileReference; lastKnownFileType = wrapper; name = V3Localize; path = Packages/V3Localize; sourceTree = "<group>"; };
		739F03AB25A87F49001826F8 /* Share_iOS.appex */ = {isa = PBXFileReference; explicitFileType = "wrapper.app-extension"; includeInIndex = 0; path = Share_iOS.appex; sourceTree = BUILT_PRODUCTS_DIR; };
		739F03AD25A87F49001826F8 /* ShareViewController.swift */ = {isa = PBXFileReference; lastKnownFileType = sourcecode.swift; path = ShareViewController.swift; sourceTree = "<group>"; };
		739F03B025A87F49001826F8 /* Base */ = {isa = PBXFileReference; lastKnownFileType = file.storyboard; name = Base; path = Base.lproj/MainInterface.storyboard; sourceTree = "<group>"; };
		739F03B225A87F49001826F8 /* Info.plist */ = {isa = PBXFileReference; lastKnownFileType = text.plist.xml; path = Info.plist; sourceTree = "<group>"; };
		739F03C725A87FE4001826F8 /* Share_macOS.appex */ = {isa = PBXFileReference; explicitFileType = "wrapper.app-extension"; includeInIndex = 0; path = Share_macOS.appex; sourceTree = BUILT_PRODUCTS_DIR; };
		739F03C925A87FE4001826F8 /* icon.icns */ = {isa = PBXFileReference; lastKnownFileType = image.icns; path = icon.icns; sourceTree = "<group>"; };
		739F03CB25A87FE4001826F8 /* ShareViewController.swift */ = {isa = PBXFileReference; lastKnownFileType = sourcecode.swift; path = ShareViewController.swift; sourceTree = "<group>"; };
		739F03CE25A87FE4001826F8 /* Base */ = {isa = PBXFileReference; lastKnownFileType = file.xib; name = Base; path = Base.lproj/ShareViewController.xib; sourceTree = "<group>"; };
		739F03D025A87FE4001826F8 /* Info.plist */ = {isa = PBXFileReference; lastKnownFileType = text.plist.xml; path = Info.plist; sourceTree = "<group>"; };
		739F03D125A87FE4001826F8 /* Share_macOS.entitlements */ = {isa = PBXFileReference; lastKnownFileType = text.plist.entitlements; path = Share_macOS.entitlements; sourceTree = "<group>"; };
		73C274DB25A9DA440028FE3A /* Hipstapaper.entitlements */ = {isa = PBXFileReference; lastKnownFileType = text.plist.entitlements; path = Hipstapaper.entitlements; sourceTree = "<group>"; };
		73C274E625A9DA6A0028FE3A /* Share_iOS.entitlements */ = {isa = PBXFileReference; lastKnownFileType = text.plist.entitlements; path = Share_iOS.entitlements; sourceTree = "<group>"; };
		73DBEC2A282ECC220091DA3C /* CloudKit.framework */ = {isa = PBXFileReference; lastKnownFileType = wrapper.framework; name = CloudKit.framework; path = Platforms/MacOSX.platform/Developer/SDKs/MacOSX12.3.sdk/System/Library/Frameworks/CloudKit.framework; sourceTree = DEVELOPER_DIR; };
		73DD930925EB3B740050DBDD /* README.md */ = {isa = PBXFileReference; fileEncoding = 4; lastKnownFileType = net.daringfireball.markdown; name = README.md; path = ../README.md; sourceTree = "<group>"; };
		73F5E210286E698D00B88A9E /* V3Browser */ = {isa = PBXFileReference; lastKnownFileType = wrapper; name = V3Browser; path = Packages/V3Browser; sourceTree = "<group>"; };
		73F5E211286FC99200B88A9E /* V3Errors */ = {isa = PBXFileReference; lastKnownFileType = wrapper; name = V3Errors; path = Packages/V3Errors; sourceTree = "<group>"; };
		73F5E2122871088F00B88A9E /* V3WebsiteEdit */ = {isa = PBXFileReference; lastKnownFileType = wrapper; name = V3WebsiteEdit; path = Packages/V3WebsiteEdit; sourceTree = "<group>"; };
		DBDCB33E256BE8E700D005F6 /* Assets.xcassets */ = {isa = PBXFileReference; lastKnownFileType = folder.assetcatalog; path = Assets.xcassets; sourceTree = "<group>"; };
		DBDCB343256BE8E700D005F6 /* Hipstapaper.app */ = {isa = PBXFileReference; explicitFileType = wrapper.application; includeInIndex = 0; path = Hipstapaper.app; sourceTree = BUILT_PRODUCTS_DIR; };
		DBDCB346256BE8E700D005F6 /* Info.plist */ = {isa = PBXFileReference; lastKnownFileType = text.plist.xml; path = Info.plist; sourceTree = "<group>"; };
		DBDCB34B256BE8E700D005F6 /* Hipstapaper.app */ = {isa = PBXFileReference; explicitFileType = wrapper.application; includeInIndex = 0; path = Hipstapaper.app; sourceTree = BUILT_PRODUCTS_DIR; };
		DBDCB34D256BE8E700D005F6 /* Info.plist */ = {isa = PBXFileReference; lastKnownFileType = text.plist.xml; path = Info.plist; sourceTree = "<group>"; };
		DBDCB34E256BE8E700D005F6 /* macOS.entitlements */ = {isa = PBXFileReference; lastKnownFileType = text.plist.entitlements; path = macOS.entitlements; sourceTree = "<group>"; };
/* End PBXFileReference section */

/* Begin PBXFrameworksBuildPhase section */
		739F03A825A87F49001826F8 /* Frameworks */ = {
			isa = PBXFrameworksBuildPhase;
			buildActionMask = 2147483647;
			files = (
				732C9B5A282DBAEF00F0B183 /* CloudKit.framework in Frameworks */,
				73204B92288CBB53008CE527 /* V3WebsiteEdit in Frameworks */,
			);
			runOnlyForDeploymentPostprocessing = 0;
		};
		739F03C425A87FE4001826F8 /* Frameworks */ = {
			isa = PBXFrameworksBuildPhase;
			buildActionMask = 2147483647;
			files = (
				73DBEC2B282ECC220091DA3C /* CloudKit.framework in Frameworks */,
				73204B94288CBB61008CE527 /* V3WebsiteEdit in Frameworks */,
			);
			runOnlyForDeploymentPostprocessing = 0;
		};
		DBDCB340256BE8E700D005F6 /* Frameworks */ = {
			isa = PBXFrameworksBuildPhase;
			buildActionMask = 2147483647;
			files = (
				736F67A325C19822006896DF /* CloudKit.framework in Frameworks */,
				73204B8E288CBAE7008CE527 /* V3Interface in Frameworks */,
			);
			runOnlyForDeploymentPostprocessing = 0;
		};
		DBDCB348256BE8E700D005F6 /* Frameworks */ = {
			isa = PBXFrameworksBuildPhase;
			buildActionMask = 2147483647;
			files = (
				736F67A525C19979006896DF /* CloudKit.framework in Frameworks */,
				73204B90288CBB0D008CE527 /* V3Interface in Frameworks */,
			);
			runOnlyForDeploymentPostprocessing = 0;
		};
/* End PBXFrameworksBuildPhase section */

/* Begin PBXGroup section */
		739F03AC25A87F49001826F8 /* Share_iOS */ = {
			isa = PBXGroup;
			children = (
				73C274E625A9DA6A0028FE3A /* Share_iOS.entitlements */,
				739F03AD25A87F49001826F8 /* ShareViewController.swift */,
				739F03AF25A87F49001826F8 /* MainInterface.storyboard */,
				739F03B225A87F49001826F8 /* Info.plist */,
			);
			path = Share_iOS;
			sourceTree = "<group>";
		};
		739F03C825A87FE4001826F8 /* Share_macOS */ = {
			isa = PBXGroup;
			children = (
				739F03C925A87FE4001826F8 /* icon.icns */,
				739F03CB25A87FE4001826F8 /* ShareViewController.swift */,
				739F03CD25A87FE4001826F8 /* ShareViewController.xib */,
				739F03D025A87FE4001826F8 /* Info.plist */,
				739F03D125A87FE4001826F8 /* Share_macOS.entitlements */,
			);
			path = Share_macOS;
			sourceTree = "<group>";
		};
		DBDCB336256BE8E600D005F6 = {
			isa = PBXGroup;
			children = (
				7317DF29285C6B67009DA81A /* V3Interface */,
				73F5E2122871088F00B88A9E /* V3WebsiteEdit */,
				73F5E210286E698D00B88A9E /* V3Browser */,
				73F5E211286FC99200B88A9E /* V3Errors */,
				7317DF28285C6B67009DA81A /* V3Store */,
				737C724127DB46EA008B5969 /* V3Localize */,
				73205DDD285CDCCC002FBDFB /* V3Style */,
				7317DF2A285C6B67009DA81A /* V3Model */,
				DBDCB33B256BE8E600D005F6 /* Shared */,
				DBDCB345256BE8E700D005F6 /* iOS */,
				DBDCB34C256BE8E700D005F6 /* macOS */,
				739F03AC25A87F49001826F8 /* Share_iOS */,
				739F03C825A87FE4001826F8 /* Share_macOS */,
				73DD930925EB3B740050DBDD /* README.md */,
				DBDCB344256BE8E700D005F6 /* Products */,
				DBDCB3A5256BEC5B00D005F6 /* Frameworks */,
			);
			sourceTree = "<group>";
		};
		DBDCB33B256BE8E600D005F6 /* Shared */ = {
			isa = PBXGroup;
			children = (
				DBDCB33E256BE8E700D005F6 /* Assets.xcassets */,
				7369CBF927DC287A00871EBE /* AppDelegate.swift */,
			);
			path = Shared;
			sourceTree = "<group>";
		};
		DBDCB344256BE8E700D005F6 /* Products */ = {
			isa = PBXGroup;
			children = (
				DBDCB343256BE8E700D005F6 /* Hipstapaper.app */,
				DBDCB34B256BE8E700D005F6 /* Hipstapaper.app */,
				739F03AB25A87F49001826F8 /* Share_iOS.appex */,
				739F03C725A87FE4001826F8 /* Share_macOS.appex */,
			);
			name = Products;
			sourceTree = "<group>";
		};
		DBDCB345256BE8E700D005F6 /* iOS */ = {
			isa = PBXGroup;
			children = (
				DBDCB346256BE8E700D005F6 /* Info.plist */,
				73C274DB25A9DA440028FE3A /* Hipstapaper.entitlements */,
			);
			path = iOS;
			sourceTree = "<group>";
		};
		DBDCB34C256BE8E700D005F6 /* macOS */ = {
			isa = PBXGroup;
			children = (
				DBDCB34D256BE8E700D005F6 /* Info.plist */,
				DBDCB34E256BE8E700D005F6 /* macOS.entitlements */,
			);
			path = macOS;
			sourceTree = "<group>";
		};
		DBDCB3A5256BEC5B00D005F6 /* Frameworks */ = {
			isa = PBXGroup;
			children = (
				73DBEC2A282ECC220091DA3C /* CloudKit.framework */,
				736F67A425C19979006896DF /* CloudKit.framework */,
				736F67A225C19822006896DF /* CloudKit.framework */,
			);
			name = Frameworks;
			sourceTree = "<group>";
		};
/* End PBXGroup section */

/* Begin PBXNativeTarget section */
		739F03AA25A87F49001826F8 /* Share_iOS */ = {
			isa = PBXNativeTarget;
			buildConfigurationList = 739F03B925A87F49001826F8 /* Build configuration list for PBXNativeTarget "Share_iOS" */;
			buildPhases = (
				739F03A725A87F49001826F8 /* Sources */,
				739F03A825A87F49001826F8 /* Frameworks */,
				739F03A925A87F49001826F8 /* Resources */,
			);
			buildRules = (
			);
			dependencies = (
			);
			name = Share_iOS;
			packageProductDependencies = (
				73204B91288CBB53008CE527 /* V3WebsiteEdit */,
			);
			productName = Share_iOS;
			productReference = 739F03AB25A87F49001826F8 /* Share_iOS.appex */;
			productType = "com.apple.product-type.app-extension";
		};
		739F03C625A87FE4001826F8 /* Share_macOS */ = {
			isa = PBXNativeTarget;
			buildConfigurationList = 739F03D525A87FE4001826F8 /* Build configuration list for PBXNativeTarget "Share_macOS" */;
			buildPhases = (
				739F03C325A87FE4001826F8 /* Sources */,
				739F03C425A87FE4001826F8 /* Frameworks */,
				739F03C525A87FE4001826F8 /* Resources */,
			);
			buildRules = (
			);
			dependencies = (
			);
			name = Share_macOS;
			packageProductDependencies = (
				73204B93288CBB61008CE527 /* V3WebsiteEdit */,
			);
			productName = Share_macOS;
			productReference = 739F03C725A87FE4001826F8 /* Share_macOS.appex */;
			productType = "com.apple.product-type.app-extension";
		};
		DBDCB342256BE8E700D005F6 /* Hipstapaper (iOS) */ = {
			isa = PBXNativeTarget;
			buildConfigurationList = DBDCB36D256BE8E800D005F6 /* Build configuration list for PBXNativeTarget "Hipstapaper (iOS)" */;
			buildPhases = (
				DBDCB33F256BE8E700D005F6 /* Sources */,
				DBDCB340256BE8E700D005F6 /* Frameworks */,
				DBDCB341256BE8E700D005F6 /* Resources */,
				DBDCB3AA256BEC5C00D005F6 /* Embed Frameworks */,
				739F03B625A87F49001826F8 /* Embed App Extensions */,
			);
			buildRules = (
			);
			dependencies = (
				739F03B425A87F49001826F8 /* PBXTargetDependency */,
			);
			name = "Hipstapaper (iOS)";
			packageProductDependencies = (
				73204B8D288CBAE7008CE527 /* V3Interface */,
			);
			productName = "Hipstapaper (iOS)";
			productReference = DBDCB343256BE8E700D005F6 /* Hipstapaper.app */;
			productType = "com.apple.product-type.application";
		};
		DBDCB34A256BE8E700D005F6 /* Hipstapaper (macOS) */ = {
			isa = PBXNativeTarget;
			buildConfigurationList = DBDCB370256BE8E800D005F6 /* Build configuration list for PBXNativeTarget "Hipstapaper (macOS)" */;
			buildPhases = (
				DBDCB347256BE8E700D005F6 /* Sources */,
				DBDCB348256BE8E700D005F6 /* Frameworks */,
				DBDCB349256BE8E700D005F6 /* Resources */,
				DBDCB3B4256BEC6500D005F6 /* Embed Frameworks */,
				739F03D825A87FE4001826F8 /* Embed App Extensions */,
			);
			buildRules = (
			);
			dependencies = (
				739F03D325A87FE4001826F8 /* PBXTargetDependency */,
			);
			name = "Hipstapaper (macOS)";
			packageProductDependencies = (
				73204B8F288CBB0D008CE527 /* V3Interface */,
			);
			productName = "Hipstapaper (macOS)";
			productReference = DBDCB34B256BE8E700D005F6 /* Hipstapaper.app */;
			productType = "com.apple.product-type.application";
		};
/* End PBXNativeTarget section */

/* Begin PBXProject section */
		DBDCB337256BE8E600D005F6 /* Project object */ = {
			isa = PBXProject;
			attributes = {
				LastSwiftUpdateCheck = 1400;
				LastUpgradeCheck = 1240;
				TargetAttributes = {
					739F03AA25A87F49001826F8 = {
						CreatedOnToolsVersion = 12.2;
					};
					739F03C625A87FE4001826F8 = {
						CreatedOnToolsVersion = 12.2;
					};
					DBDCB342256BE8E700D005F6 = {
						CreatedOnToolsVersion = 12.2;
					};
					DBDCB34A256BE8E700D005F6 = {
						CreatedOnToolsVersion = 12.2;
						LastSwiftMigration = 1320;
					};
				};
			};
			buildConfigurationList = DBDCB33A256BE8E600D005F6 /* Build configuration list for PBXProject "Hipstapaper" */;
			compatibilityVersion = "Xcode 9.3";
			developmentRegion = en;
			hasScannedForEncodings = 0;
			knownRegions = (
				en,
				Base,
			);
			mainGroup = DBDCB336256BE8E600D005F6;
			packageReferences = (
			);
			productRefGroup = DBDCB344256BE8E700D005F6 /* Products */;
			projectDirPath = "";
			projectRoot = "";
			targets = (
				DBDCB342256BE8E700D005F6 /* Hipstapaper (iOS) */,
				DBDCB34A256BE8E700D005F6 /* Hipstapaper (macOS) */,
				739F03AA25A87F49001826F8 /* Share_iOS */,
				739F03C625A87FE4001826F8 /* Share_macOS */,
			);
		};
/* End PBXProject section */

/* Begin PBXResourcesBuildPhase section */
		739F03A925A87F49001826F8 /* Resources */ = {
			isa = PBXResourcesBuildPhase;
			buildActionMask = 2147483647;
			files = (
				739F03B125A87F49001826F8 /* MainInterface.storyboard in Resources */,
			);
			runOnlyForDeploymentPostprocessing = 0;
		};
		739F03C525A87FE4001826F8 /* Resources */ = {
			isa = PBXResourcesBuildPhase;
			buildActionMask = 2147483647;
			files = (
				739F03CF25A87FE4001826F8 /* ShareViewController.xib in Resources */,
				739F03CA25A87FE4001826F8 /* icon.icns in Resources */,
			);
			runOnlyForDeploymentPostprocessing = 0;
		};
		DBDCB341256BE8E700D005F6 /* Resources */ = {
			isa = PBXResourcesBuildPhase;
			buildActionMask = 2147483647;
			files = (
				73DD930A25EB3B740050DBDD /* README.md in Resources */,
				DBDCB369256BE8E800D005F6 /* Assets.xcassets in Resources */,
			);
			runOnlyForDeploymentPostprocessing = 0;
		};
		DBDCB349256BE8E700D005F6 /* Resources */ = {
			isa = PBXResourcesBuildPhase;
			buildActionMask = 2147483647;
			files = (
				DBDCB36A256BE8E800D005F6 /* Assets.xcassets in Resources */,
			);
			runOnlyForDeploymentPostprocessing = 0;
		};
/* End PBXResourcesBuildPhase section */

/* Begin PBXSourcesBuildPhase section */
		739F03A725A87F49001826F8 /* Sources */ = {
			isa = PBXSourcesBuildPhase;
			buildActionMask = 2147483647;
			files = (
				739F03AE25A87F49001826F8 /* ShareViewController.swift in Sources */,
			);
			runOnlyForDeploymentPostprocessing = 0;
		};
		739F03C325A87FE4001826F8 /* Sources */ = {
			isa = PBXSourcesBuildPhase;
			buildActionMask = 2147483647;
			files = (
				739F03CC25A87FE4001826F8 /* ShareViewController.swift in Sources */,
			);
			runOnlyForDeploymentPostprocessing = 0;
		};
		DBDCB33F256BE8E700D005F6 /* Sources */ = {
			isa = PBXSourcesBuildPhase;
			buildActionMask = 2147483647;
			files = (
				7369CBFB27DC291E00871EBE /* AppDelegate.swift in Sources */,
			);
			runOnlyForDeploymentPostprocessing = 0;
		};
		DBDCB347256BE8E700D005F6 /* Sources */ = {
			isa = PBXSourcesBuildPhase;
			buildActionMask = 2147483647;
			files = (
				7369CBFA27DC287A00871EBE /* AppDelegate.swift in Sources */,
			);
			runOnlyForDeploymentPostprocessing = 0;
		};
/* End PBXSourcesBuildPhase section */

/* Begin PBXTargetDependency section */
		739F03B425A87F49001826F8 /* PBXTargetDependency */ = {
			isa = PBXTargetDependency;
			target = 739F03AA25A87F49001826F8 /* Share_iOS */;
			targetProxy = 739F03B325A87F49001826F8 /* PBXContainerItemProxy */;
		};
		739F03D325A87FE4001826F8 /* PBXTargetDependency */ = {
			isa = PBXTargetDependency;
			target = 739F03C625A87FE4001826F8 /* Share_macOS */;
			targetProxy = 739F03D225A87FE4001826F8 /* PBXContainerItemProxy */;
		};
/* End PBXTargetDependency section */

/* Begin PBXVariantGroup section */
		739F03AF25A87F49001826F8 /* MainInterface.storyboard */ = {
			isa = PBXVariantGroup;
			children = (
				739F03B025A87F49001826F8 /* Base */,
			);
			name = MainInterface.storyboard;
			sourceTree = "<group>";
		};
		739F03CD25A87FE4001826F8 /* ShareViewController.xib */ = {
			isa = PBXVariantGroup;
			children = (
				739F03CE25A87FE4001826F8 /* Base */,
			);
			name = ShareViewController.xib;
			sourceTree = "<group>";
		};
/* End PBXVariantGroup section */

/* Begin XCBuildConfiguration section */
		739F03B725A87F49001826F8 /* Debug */ = {
			isa = XCBuildConfiguration;
			buildSettings = {
				ASSETCATALOG_COMPILER_APPICON_NAME = AppIcon;
				CODE_SIGN_ENTITLEMENTS = Share_iOS/Share_iOS.entitlements;
				CODE_SIGN_STYLE = Automatic;
				DEVELOPMENT_TEAM = V6ESYGU6CV;
				INFOPLIST_FILE = Share_iOS/Info.plist;
				LD_RUNPATH_SEARCH_PATHS = (
					"$(inherited)",
					"@executable_path/Frameworks",
					"@executable_path/../../Frameworks",
				);
				MARKETING_VERSION = 3.0.0;
				PRODUCT_BUNDLE_IDENTIFIER = com.saturdayapps.HipstapaperApp.share;
				PRODUCT_NAME = "$(TARGET_NAME)";
				SDKROOT = iphoneos;
				SKIP_INSTALL = YES;
				SUPPORTED_PLATFORMS = "iphonesimulator iphoneos";
				SWIFT_VERSION = 5.0;
				TARGETED_DEVICE_FAMILY = "1,2";
			};
			name = Debug;
		};
		739F03B825A87F49001826F8 /* Release */ = {
			isa = XCBuildConfiguration;
			buildSettings = {
				ASSETCATALOG_COMPILER_APPICON_NAME = AppIcon;
				CODE_SIGN_ENTITLEMENTS = Share_iOS/Share_iOS.entitlements;
				CODE_SIGN_STYLE = Automatic;
				DEVELOPMENT_TEAM = V6ESYGU6CV;
				INFOPLIST_FILE = Share_iOS/Info.plist;
				LD_RUNPATH_SEARCH_PATHS = (
					"$(inherited)",
					"@executable_path/Frameworks",
					"@executable_path/../../Frameworks",
				);
				MARKETING_VERSION = 3.0.0;
				PRODUCT_BUNDLE_IDENTIFIER = com.saturdayapps.HipstapaperApp.share;
				PRODUCT_NAME = "$(TARGET_NAME)";
				SDKROOT = iphoneos;
				SKIP_INSTALL = YES;
				SUPPORTED_PLATFORMS = "iphonesimulator iphoneos";
				SWIFT_VERSION = 5.0;
				TARGETED_DEVICE_FAMILY = "1,2";
				VALIDATE_PRODUCT = YES;
			};
			name = Release;
		};
		739F03D625A87FE4001826F8 /* Debug */ = {
			isa = XCBuildConfiguration;
			buildSettings = {
				ASSETCATALOG_COMPILER_APPICON_NAME = AppIcon;
				CODE_SIGN_ENTITLEMENTS = Share_macOS/Share_macOS.entitlements;
				CODE_SIGN_IDENTITY = "Apple Development";
				CODE_SIGN_STYLE = Automatic;
				COMBINE_HIDPI_IMAGES = YES;
				DEVELOPMENT_TEAM = V6ESYGU6CV;
				ENABLE_HARDENED_RUNTIME = YES;
				INFOPLIST_FILE = Share_macOS/Info.plist;
				LD_RUNPATH_SEARCH_PATHS = (
					"$(inherited)",
					"@executable_path/../Frameworks",
					"@executable_path/../../../../Frameworks",
				);
				MARKETING_VERSION = 3.0.0;
				PRODUCT_BUNDLE_IDENTIFIER = com.saturdayapps.Hipstapaper.share;
				PRODUCT_NAME = "$(TARGET_NAME)";
				SDKROOT = macosx;
				SKIP_INSTALL = YES;
				SUPPORTED_PLATFORMS = macosx;
				SWIFT_VERSION = 5.0;
			};
			name = Debug;
		};
		739F03D725A87FE4001826F8 /* Release */ = {
			isa = XCBuildConfiguration;
			buildSettings = {
				ASSETCATALOG_COMPILER_APPICON_NAME = AppIcon;
				CODE_SIGN_ENTITLEMENTS = Share_macOS/Share_macOS.entitlements;
				CODE_SIGN_IDENTITY = "Apple Development";
				CODE_SIGN_STYLE = Automatic;
				COMBINE_HIDPI_IMAGES = YES;
				DEVELOPMENT_TEAM = V6ESYGU6CV;
				ENABLE_HARDENED_RUNTIME = YES;
				INFOPLIST_FILE = Share_macOS/Info.plist;
				LD_RUNPATH_SEARCH_PATHS = (
					"$(inherited)",
					"@executable_path/../Frameworks",
					"@executable_path/../../../../Frameworks",
				);
				MARKETING_VERSION = 3.0.0;
				PRODUCT_BUNDLE_IDENTIFIER = com.saturdayapps.Hipstapaper.share;
				PRODUCT_NAME = "$(TARGET_NAME)";
				SDKROOT = macosx;
				SKIP_INSTALL = YES;
				SUPPORTED_PLATFORMS = macosx;
				SWIFT_VERSION = 5.0;
			};
			name = Release;
		};
		DBDCB36B256BE8E800D005F6 /* Debug */ = {
			isa = XCBuildConfiguration;
			buildSettings = {
				ALWAYS_SEARCH_USER_PATHS = NO;
				CLANG_ANALYZER_NONNULL = YES;
				CLANG_ANALYZER_NUMBER_OBJECT_CONVERSION = YES_AGGRESSIVE;
				CLANG_CXX_LANGUAGE_STANDARD = "gnu++14";
				CLANG_CXX_LIBRARY = "libc++";
				CLANG_ENABLE_MODULES = YES;
				CLANG_ENABLE_OBJC_ARC = YES;
				CLANG_ENABLE_OBJC_WEAK = YES;
				CLANG_WARN_BLOCK_CAPTURE_AUTORELEASING = YES;
				CLANG_WARN_BOOL_CONVERSION = YES;
				CLANG_WARN_COMMA = YES;
				CLANG_WARN_CONSTANT_CONVERSION = YES;
				CLANG_WARN_DEPRECATED_OBJC_IMPLEMENTATIONS = YES;
				CLANG_WARN_DIRECT_OBJC_ISA_USAGE = YES_ERROR;
				CLANG_WARN_DOCUMENTATION_COMMENTS = YES;
				CLANG_WARN_EMPTY_BODY = YES;
				CLANG_WARN_ENUM_CONVERSION = YES;
				CLANG_WARN_INFINITE_RECURSION = YES;
				CLANG_WARN_INT_CONVERSION = YES;
				CLANG_WARN_NON_LITERAL_NULL_CONVERSION = YES;
				CLANG_WARN_OBJC_IMPLICIT_RETAIN_SELF = YES;
				CLANG_WARN_OBJC_LITERAL_CONVERSION = YES;
				CLANG_WARN_OBJC_ROOT_CLASS = YES_ERROR;
				CLANG_WARN_QUOTED_INCLUDE_IN_FRAMEWORK_HEADER = YES;
				CLANG_WARN_RANGE_LOOP_ANALYSIS = YES;
				CLANG_WARN_STRICT_PROTOTYPES = YES;
				CLANG_WARN_SUSPICIOUS_MOVE = YES;
				CLANG_WARN_UNGUARDED_AVAILABILITY = YES_AGGRESSIVE;
				CLANG_WARN_UNREACHABLE_CODE = YES;
				CLANG_WARN__DUPLICATE_METHOD_MATCH = YES;
				COPY_PHASE_STRIP = NO;
				CURRENT_PROJECT_VERSION = 300056;
				DEBUG_INFORMATION_FORMAT = dwarf;
				ENABLE_STRICT_OBJC_MSGSEND = YES;
				ENABLE_TESTABILITY = YES;
				GCC_C_LANGUAGE_STANDARD = gnu11;
				GCC_DYNAMIC_NO_PIC = NO;
				GCC_NO_COMMON_BLOCKS = YES;
				GCC_OPTIMIZATION_LEVEL = 0;
				GCC_PREPROCESSOR_DEFINITIONS = (
					"DEBUG=1",
					"$(inherited)",
				);
				GCC_WARN_64_TO_32_BIT_CONVERSION = YES;
				GCC_WARN_ABOUT_RETURN_TYPE = YES_ERROR;
				GCC_WARN_UNDECLARED_SELECTOR = YES;
				GCC_WARN_UNINITIALIZED_AUTOS = YES_AGGRESSIVE;
				GCC_WARN_UNUSED_FUNCTION = YES;
				GCC_WARN_UNUSED_VARIABLE = YES;
				IPHONEOS_DEPLOYMENT_TARGET = 17.0;
				"IPHONEOS_DEPLOYMENT_TARGET[sdk=macosx*]" = 14.0;
				MACOSX_DEPLOYMENT_TARGET = 14.0;
				MTL_ENABLE_DEBUG_INFO = INCLUDE_SOURCE;
				MTL_FAST_MATH = YES;
				ONLY_ACTIVE_ARCH = YES;
				SDKROOT = iphoneos;
				SUPPORTED_PLATFORMS = "iphonesimulator iphoneos watchsimulator macosx watchos appletvos appletvsimulator";
				SWIFT_ACTIVE_COMPILATION_CONDITIONS = DEBUG;
				SWIFT_OPTIMIZATION_LEVEL = "-Onone";
				SWIFT_VERSION = 5.0;
				TARGETED_DEVICE_FAMILY = "1,2";
				TVOS_DEPLOYMENT_TARGET = 17.1;
				VERSIONING_SYSTEM = "apple-generic";
				VERSION_INFO_PREFIX = "";
				WATCHOS_DEPLOYMENT_TARGET = 7.0;
			};
			name = Debug;
		};
		DBDCB36C256BE8E800D005F6 /* Release */ = {
			isa = XCBuildConfiguration;
			buildSettings = {
				ALWAYS_SEARCH_USER_PATHS = NO;
				CLANG_ANALYZER_NONNULL = YES;
				CLANG_ANALYZER_NUMBER_OBJECT_CONVERSION = YES_AGGRESSIVE;
				CLANG_CXX_LANGUAGE_STANDARD = "gnu++14";
				CLANG_CXX_LIBRARY = "libc++";
				CLANG_ENABLE_MODULES = YES;
				CLANG_ENABLE_OBJC_ARC = YES;
				CLANG_ENABLE_OBJC_WEAK = YES;
				CLANG_WARN_BLOCK_CAPTURE_AUTORELEASING = YES;
				CLANG_WARN_BOOL_CONVERSION = YES;
				CLANG_WARN_COMMA = YES;
				CLANG_WARN_CONSTANT_CONVERSION = YES;
				CLANG_WARN_DEPRECATED_OBJC_IMPLEMENTATIONS = YES;
				CLANG_WARN_DIRECT_OBJC_ISA_USAGE = YES_ERROR;
				CLANG_WARN_DOCUMENTATION_COMMENTS = YES;
				CLANG_WARN_EMPTY_BODY = YES;
				CLANG_WARN_ENUM_CONVERSION = YES;
				CLANG_WARN_INFINITE_RECURSION = YES;
				CLANG_WARN_INT_CONVERSION = YES;
				CLANG_WARN_NON_LITERAL_NULL_CONVERSION = YES;
				CLANG_WARN_OBJC_IMPLICIT_RETAIN_SELF = YES;
				CLANG_WARN_OBJC_LITERAL_CONVERSION = YES;
				CLANG_WARN_OBJC_ROOT_CLASS = YES_ERROR;
				CLANG_WARN_QUOTED_INCLUDE_IN_FRAMEWORK_HEADER = YES;
				CLANG_WARN_RANGE_LOOP_ANALYSIS = YES;
				CLANG_WARN_STRICT_PROTOTYPES = YES;
				CLANG_WARN_SUSPICIOUS_MOVE = YES;
				CLANG_WARN_UNGUARDED_AVAILABILITY = YES_AGGRESSIVE;
				CLANG_WARN_UNREACHABLE_CODE = YES;
				CLANG_WARN__DUPLICATE_METHOD_MATCH = YES;
				COPY_PHASE_STRIP = NO;
				CURRENT_PROJECT_VERSION = 300056;
				DEBUG_INFORMATION_FORMAT = "dwarf-with-dsym";
				ENABLE_NS_ASSERTIONS = NO;
				ENABLE_STRICT_OBJC_MSGSEND = YES;
				GCC_C_LANGUAGE_STANDARD = gnu11;
				GCC_NO_COMMON_BLOCKS = YES;
				GCC_WARN_64_TO_32_BIT_CONVERSION = YES;
				GCC_WARN_ABOUT_RETURN_TYPE = YES_ERROR;
				GCC_WARN_UNDECLARED_SELECTOR = YES;
				GCC_WARN_UNINITIALIZED_AUTOS = YES_AGGRESSIVE;
				GCC_WARN_UNUSED_FUNCTION = YES;
				GCC_WARN_UNUSED_VARIABLE = YES;
				IPHONEOS_DEPLOYMENT_TARGET = 17.0;
				"IPHONEOS_DEPLOYMENT_TARGET[sdk=macosx*]" = 14.0;
				MACOSX_DEPLOYMENT_TARGET = 14.0;
				MTL_ENABLE_DEBUG_INFO = NO;
				MTL_FAST_MATH = YES;
				SDKROOT = iphoneos;
				SUPPORTED_PLATFORMS = "iphonesimulator iphoneos watchsimulator macosx watchos appletvos appletvsimulator";
				SWIFT_COMPILATION_MODE = wholemodule;
				SWIFT_OPTIMIZATION_LEVEL = "-O";
				SWIFT_VERSION = 5.0;
				TARGETED_DEVICE_FAMILY = "1,2";
				TVOS_DEPLOYMENT_TARGET = 17.1;
				VERSIONING_SYSTEM = "apple-generic";
				VERSION_INFO_PREFIX = "";
				WATCHOS_DEPLOYMENT_TARGET = 7.0;
			};
			name = Release;
		};
		DBDCB36E256BE8E800D005F6 /* Debug */ = {
			isa = XCBuildConfiguration;
			buildSettings = {
				ALWAYS_EMBED_SWIFT_STANDARD_LIBRARIES = YES;
				ASSETCATALOG_COMPILER_APPICON_NAME = AppIcon;
				ASSETCATALOG_COMPILER_GLOBAL_ACCENT_COLOR_NAME = AccentColor;
				CODE_SIGN_ENTITLEMENTS = iOS/Hipstapaper.entitlements;
				CODE_SIGN_STYLE = Automatic;
				DEVELOPMENT_TEAM = V6ESYGU6CV;
				ENABLE_PREVIEWS = YES;
				INFOPLIST_FILE = iOS/Info.plist;
				LD_RUNPATH_SEARCH_PATHS = (
					"$(inherited)",
					"@executable_path/Frameworks",
				);
				MARKETING_VERSION = 3.0.0;
				PRODUCT_BUNDLE_IDENTIFIER = com.saturdayapps.HipstapaperApp;
				PRODUCT_NAME = Hipstapaper;
				SDKROOT = iphoneos;
				SUPPORTED_PLATFORMS = "iphoneos iphonesimulator";
				SUPPORTS_MACCATALYST = NO;
				SUPPORTS_MAC_DESIGNED_FOR_IPHONE_IPAD = NO;
				TARGETED_DEVICE_FAMILY = "1,2";
			};
			name = Debug;
		};
		DBDCB36F256BE8E800D005F6 /* Release */ = {
			isa = XCBuildConfiguration;
			buildSettings = {
				ALWAYS_EMBED_SWIFT_STANDARD_LIBRARIES = YES;
				ASSETCATALOG_COMPILER_APPICON_NAME = AppIcon;
				ASSETCATALOG_COMPILER_GLOBAL_ACCENT_COLOR_NAME = AccentColor;
				CODE_SIGN_ENTITLEMENTS = iOS/Hipstapaper.entitlements;
				CODE_SIGN_STYLE = Automatic;
				DEVELOPMENT_TEAM = V6ESYGU6CV;
				ENABLE_PREVIEWS = YES;
				INFOPLIST_FILE = iOS/Info.plist;
				LD_RUNPATH_SEARCH_PATHS = (
					"$(inherited)",
					"@executable_path/Frameworks",
				);
				MARKETING_VERSION = 3.0.0;
				PRODUCT_BUNDLE_IDENTIFIER = com.saturdayapps.HipstapaperApp;
				PRODUCT_NAME = Hipstapaper;
				SDKROOT = iphoneos;
				SUPPORTED_PLATFORMS = "iphoneos iphonesimulator";
				SUPPORTS_MACCATALYST = NO;
				SUPPORTS_MAC_DESIGNED_FOR_IPHONE_IPAD = NO;
				TARGETED_DEVICE_FAMILY = "1,2";
			};
			name = Release;
		};
		DBDCB371256BE8E800D005F6 /* Debug */ = {
			isa = XCBuildConfiguration;
			buildSettings = {
				ALWAYS_EMBED_SWIFT_STANDARD_LIBRARIES = YES;
				ASSETCATALOG_COMPILER_APPICON_NAME = AppIcon;
				ASSETCATALOG_COMPILER_GLOBAL_ACCENT_COLOR_NAME = AccentColor;
				CLANG_ENABLE_MODULES = YES;
				CODE_SIGN_ENTITLEMENTS = macOS/macOS.entitlements;
				CODE_SIGN_IDENTITY = "Apple Development";
				CODE_SIGN_STYLE = Automatic;
				COMBINE_HIDPI_IMAGES = YES;
				DEVELOPMENT_TEAM = V6ESYGU6CV;
				ENABLE_HARDENED_RUNTIME = YES;
				ENABLE_PREVIEWS = YES;
				INFOPLIST_FILE = macOS/Info.plist;
				LD_RUNPATH_SEARCH_PATHS = (
					"$(inherited)",
					"@executable_path/../Frameworks",
				);
				MARKETING_VERSION = 3.0.0;
				PRODUCT_BUNDLE_IDENTIFIER = com.saturdayapps.Hipstapaper;
				PRODUCT_NAME = Hipstapaper;
				SDKROOT = macosx;
				SUPPORTED_PLATFORMS = macosx;
				SWIFT_OPTIMIZATION_LEVEL = "-Onone";
				SWIFT_VERSION = 5.0;
			};
			name = Debug;
		};
		DBDCB372256BE8E800D005F6 /* Release */ = {
			isa = XCBuildConfiguration;
			buildSettings = {
				ALWAYS_EMBED_SWIFT_STANDARD_LIBRARIES = YES;
				ASSETCATALOG_COMPILER_APPICON_NAME = AppIcon;
				ASSETCATALOG_COMPILER_GLOBAL_ACCENT_COLOR_NAME = AccentColor;
				CLANG_ENABLE_MODULES = YES;
				CODE_SIGN_ENTITLEMENTS = macOS/macOS.entitlements;
				CODE_SIGN_IDENTITY = "Apple Development";
				CODE_SIGN_STYLE = Automatic;
				COMBINE_HIDPI_IMAGES = YES;
				DEVELOPMENT_TEAM = V6ESYGU6CV;
				ENABLE_HARDENED_RUNTIME = YES;
				ENABLE_PREVIEWS = YES;
				INFOPLIST_FILE = macOS/Info.plist;
				LD_RUNPATH_SEARCH_PATHS = (
					"$(inherited)",
					"@executable_path/../Frameworks",
				);
				MARKETING_VERSION = 3.0.0;
				PRODUCT_BUNDLE_IDENTIFIER = com.saturdayapps.Hipstapaper;
				PRODUCT_NAME = Hipstapaper;
				SDKROOT = macosx;
				SUPPORTED_PLATFORMS = macosx;
				SWIFT_VERSION = 5.0;
			};
			name = Release;
		};
/* End XCBuildConfiguration section */

/* Begin XCConfigurationList section */
		739F03B925A87F49001826F8 /* Build configuration list for PBXNativeTarget "Share_iOS" */ = {
			isa = XCConfigurationList;
			buildConfigurations = (
				739F03B725A87F49001826F8 /* Debug */,
				739F03B825A87F49001826F8 /* Release */,
			);
			defaultConfigurationIsVisible = 0;
			defaultConfigurationName = Release;
		};
		739F03D525A87FE4001826F8 /* Build configuration list for PBXNativeTarget "Share_macOS" */ = {
			isa = XCConfigurationList;
			buildConfigurations = (
				739F03D625A87FE4001826F8 /* Debug */,
				739F03D725A87FE4001826F8 /* Release */,
			);
			defaultConfigurationIsVisible = 0;
			defaultConfigurationName = Release;
		};
		DBDCB33A256BE8E600D005F6 /* Build configuration list for PBXProject "Hipstapaper" */ = {
			isa = XCConfigurationList;
			buildConfigurations = (
				DBDCB36B256BE8E800D005F6 /* Debug */,
				DBDCB36C256BE8E800D005F6 /* Release */,
			);
			defaultConfigurationIsVisible = 0;
			defaultConfigurationName = Release;
		};
		DBDCB36D256BE8E800D005F6 /* Build configuration list for PBXNativeTarget "Hipstapaper (iOS)" */ = {
			isa = XCConfigurationList;
			buildConfigurations = (
				DBDCB36E256BE8E800D005F6 /* Debug */,
				DBDCB36F256BE8E800D005F6 /* Release */,
			);
			defaultConfigurationIsVisible = 0;
			defaultConfigurationName = Release;
		};
		DBDCB370256BE8E800D005F6 /* Build configuration list for PBXNativeTarget "Hipstapaper (macOS)" */ = {
			isa = XCConfigurationList;
			buildConfigurations = (
				DBDCB371256BE8E800D005F6 /* Debug */,
				DBDCB372256BE8E800D005F6 /* Release */,
			);
			defaultConfigurationIsVisible = 0;
			defaultConfigurationName = Release;
		};
/* End XCConfigurationList section */

/* Begin XCSwiftPackageProductDependency section */
		73204B8D288CBAE7008CE527 /* V3Interface */ = {
			isa = XCSwiftPackageProductDependency;
			productName = V3Interface;
		};
		73204B8F288CBB0D008CE527 /* V3Interface */ = {
			isa = XCSwiftPackageProductDependency;
			productName = V3Interface;
		};
		73204B91288CBB53008CE527 /* V3WebsiteEdit */ = {
			isa = XCSwiftPackageProductDependency;
			productName = V3WebsiteEdit;
		};
		73204B93288CBB61008CE527 /* V3WebsiteEdit */ = {
			isa = XCSwiftPackageProductDependency;
			productName = V3WebsiteEdit;
		};
/* End XCSwiftPackageProductDependency section */
	};
	rootObject = DBDCB337256BE8E600D005F6 /* Project object */;
}
