{
  "originHash" : "b3dfe605173a2fefb646f54e208eb7802d2d9a2f7ef2ac50d05f0f52de3d0782",
  "pins" : [
    {
      "identity" : "qrscanner",
      "kind" : "remoteSourceControl",
      "location" : "https://github.com/mercari/QRScanner.git",
      "state" : {
        "revision" : "b9bbcabf8ce54974b56a63f403abc43930684314",
        "version" : "1.9.0"
      }
    },
    {
      "identity" : "umbrella",
      "kind" : "remoteSourceControl",
      "location" : "https://github.com/jeffreybergier/Umbrella.git",
      "state" : {
        "branch" : "main",
        "revision" : "8f7f60de0343b0a9f8cf644fb78c9ba289c44a61"
      }
    }
  ],
  "version" : 3
}
