{
  "pins" : [
    {
      "identity" : "umbrella",
      "kind" : "remoteSourceControl",
      "location" : "https://github.com/jeffreybergier/Umbrella.git",
      "state" : {
        "branch" : "waterme3",
        "revision" : "31305694da264f1dfe60a7a72349b0493cf3ad0b"
      }
    }
  ],
  "version" : 2
}
